
Microsoft Visual Studio Solution File, Format Version 10.00
# Visual C++ Express 2008
Project("{8BC9CEB8-8B4A-11D0-8D11-00A0C91BC942}") = "FurryBunny_VS_9", "FurryBunny\FurryBunny_VS_9.vcproj", "{C3C545E3-7CC2-443B-8630-60C743B78D40}"
EndProject
Project("{8BC9CEB8-8B4A-11D0-8D11-00A0C91BC942}") = "NPR_VS_9", "NPR\NPR_VS_9.vcproj", "{E7B867AD-B8C7-4BCD-B149-126DBE850403}"
EndProject
Project("{8BC9CEB8-8B4A-11D0-8D11-00A0C91BC942}") = "SSAO_VS_9", "SSAO\SSAO_VS_9.vcproj", "{9E318B2B-192F-46D2-8899-614965D77A61}"
EndProject
Project("{8BC9CEB8-8B4A-11D0-8D11-00A0C91BC942}") = "SwayingPalm_VS_9", "SwayingPalm\SwayingPalm_VS_9.vcproj", "{9A4527CA-B62A-48B3-B410-9EEC9E73A637}"
EndProject
Project("{8BC9CEB8-8B4A-11D0-8D11-00A0C91BC942}") = "Tornado_VS_9", "Tornado\Tornado_VS_9.vcproj", "{E658F23F-9DEB-454A-955F-C0E5A4976854}"
EndProject
Project("{8BC9CEB8-8B4A-11D0-8D11-00A0C91BC942}") = "WaterIGK_VS_9", "WaterIGK\WaterIGK_VS_9.vcproj", "{7429876C-1C68-411E-8DB7-6C88F49F9104}"
EndProject
Project("{8BC9CEB8-8B4A-11D0-8D11-00A0C91BC942}") = "LightShafts_VS_9", "LightShafts\LightShafts_VS_9.vcproj", "{BEFDBD83-DC17-4872-B682-89A95B23902C}"
EndProject
Project("{8BC9CEB8-8B4A-11D0-8D11-00A0C91BC942}") = "VFS", "VFS\VFS_VS_9.vcproj", "{611D430B-0C6E-4B89-A060-563392CF3202}"
EndProject
Project("{8BC9CEB8-8B4A-11D0-8D11-00A0C91BC942}") = "Sound_VS_9", "Sound\Sound_VS_9.vcproj", "{AABA8B78-5E8C-416A-8ADA-5E897050A9CB}"
EndProject
Project("{8BC9CEB8-8B4A-11D0-8D11-00A0C91BC942}") = "LightningBolts_VS_9", "LightningBolts\LightningBolts_VS_9.vcproj", "{C7C315B9-5F2E-4C97-8643-8419F31D6280}"
EndProject
Project("{8BC9CEB8-8B4A-11D0-8D11-00A0C91BC942}") = "FSM_VS_9", "FSM\FSM_VS_9.vcproj", "{35CC518A-0153-4AEC-831E-F20777753171}"
EndProject
Project("{8BC9CEB8-8B4A-11D0-8D11-00A0C91BC942}") = "Ragdoll_VS_9", "Ragdoll\Ragdoll_VS_9.vcproj", "{6A9561C9-69B0-444B-81A0-806A3ACABB53}"
EndProject
Global
	GlobalSection(SolutionConfigurationPlatforms) = preSolution
		Debug|Win32 = Debug|Win32
		Final|Win32 = Final|Win32
		Release|Win32 = Release|Win32
	EndGlobalSection
	GlobalSection(ProjectConfigurationPlatforms) = postSolution
		{C3C545E3-7CC2-443B-8630-60C743B78D40}.Debug|Win32.ActiveCfg = Debug|Win32
		{C3C545E3-7CC2-443B-8630-60C743B78D40}.Debug|Win32.Build.0 = Debug|Win32
		{C3C545E3-7CC2-443B-8630-60C743B78D40}.Final|Win32.ActiveCfg = Release|Win32
		{C3C545E3-7CC2-443B-8630-60C743B78D40}.Final|Win32.Build.0 = Release|Win32
		{C3C545E3-7CC2-443B-8630-60C743B78D40}.Release|Win32.ActiveCfg = Release|Win32
		{C3C545E3-7CC2-443B-8630-60C743B78D40}.Release|Win32.Build.0 = Release|Win32
		{E7B867AD-B8C7-4BCD-B149-126DBE850403}.Debug|Win32.ActiveCfg = Debug|Win32
		{E7B867AD-B8C7-4BCD-B149-126DBE850403}.Debug|Win32.Build.0 = Debug|Win32
		{E7B867AD-B8C7-4BCD-B149-126DBE850403}.Final|Win32.ActiveCfg = Final|Win32
		{E7B867AD-B8C7-4BCD-B149-126DBE850403}.Final|Win32.Build.0 = Final|Win32
		{E7B867AD-B8C7-4BCD-B149-126DBE850403}.Release|Win32.ActiveCfg = Release|Win32
		{E7B867AD-B8C7-4BCD-B149-126DBE850403}.Release|Win32.Build.0 = Release|Win32
		{9E318B2B-192F-46D2-8899-614965D77A61}.Debug|Win32.ActiveCfg = Debug|Win32
		{9E318B2B-192F-46D2-8899-614965D77A61}.Debug|Win32.Build.0 = Debug|Win32
		{9E318B2B-192F-46D2-8899-614965D77A61}.Final|Win32.ActiveCfg = Final|Win32
		{9E318B2B-192F-46D2-8899-614965D77A61}.Final|Win32.Build.0 = Final|Win32
		{9E318B2B-192F-46D2-8899-614965D77A61}.Release|Win32.ActiveCfg = Release|Win32
		{9E318B2B-192F-46D2-8899-614965D77A61}.Release|Win32.Build.0 = Release|Win32
		{9A4527CA-B62A-48B3-B410-9EEC9E73A637}.Debug|Win32.ActiveCfg = Debug|Win32
		{9A4527CA-B62A-48B3-B410-9EEC9E73A637}.Debug|Win32.Build.0 = Debug|Win32
		{9A4527CA-B62A-48B3-B410-9EEC9E73A637}.Final|Win32.ActiveCfg = Release|Win32
		{9A4527CA-B62A-48B3-B410-9EEC9E73A637}.Final|Win32.Build.0 = Release|Win32
		{9A4527CA-B62A-48B3-B410-9EEC9E73A637}.Release|Win32.ActiveCfg = Release|Win32
		{9A4527CA-B62A-48B3-B410-9EEC9E73A637}.Release|Win32.Build.0 = Release|Win32
		{E658F23F-9DEB-454A-955F-C0E5A4976854}.Debug|Win32.ActiveCfg = Debug|Win32
		{E658F23F-9DEB-454A-955F-C0E5A4976854}.Debug|Win32.Build.0 = Debug|Win32
		{E658F23F-9DEB-454A-955F-C0E5A4976854}.Final|Win32.ActiveCfg = Release|Win32
		{E658F23F-9DEB-454A-955F-C0E5A4976854}.Final|Win32.Build.0 = Release|Win32
		{E658F23F-9DEB-454A-955F-C0E5A4976854}.Release|Win32.ActiveCfg = Release|Win32
		{E658F23F-9DEB-454A-955F-C0E5A4976854}.Release|Win32.Build.0 = Release|Win32
		{7429876C-1C68-411E-8DB7-6C88F49F9104}.Debug|Win32.ActiveCfg = Debug|Win32
		{7429876C-1C68-411E-8DB7-6C88F49F9104}.Debug|Win32.Build.0 = Debug|Win32
		{7429876C-1C68-411E-8DB7-6C88F49F9104}.Final|Win32.ActiveCfg = Release|Win32
		{7429876C-1C68-411E-8DB7-6C88F49F9104}.Final|Win32.Build.0 = Release|Win32
		{7429876C-1C68-411E-8DB7-6C88F49F9104}.Release|Win32.ActiveCfg = Release|Win32
		{7429876C-1C68-411E-8DB7-6C88F49F9104}.Release|Win32.Build.0 = Release|Win32
		{BEFDBD83-DC17-4872-B682-89A95B23902C}.Debug|Win32.ActiveCfg = Debug|Win32
		{BEFDBD83-DC17-4872-B682-89A95B23902C}.Debug|Win32.Build.0 = Debug|Win32
		{BEFDBD83-DC17-4872-B682-89A95B23902C}.Final|Win32.ActiveCfg = Final|Win32
		{BEFDBD83-DC17-4872-B682-89A95B23902C}.Final|Win32.Build.0 = Final|Win32
		{BEFDBD83-DC17-4872-B682-89A95B23902C}.Release|Win32.ActiveCfg = Release|Win32
		{BEFDBD83-DC17-4872-B682-89A95B23902C}.Release|Win32.Build.0 = Release|Win32
		{611D430B-0C6E-4B89-A060-563392CF3202}.Debug|Win32.ActiveCfg = Debug|Win32
		{611D430B-0C6E-4B89-A060-563392CF3202}.Debug|Win32.Build.0 = Debug|Win32
		{611D430B-0C6E-4B89-A060-563392CF3202}.Final|Win32.ActiveCfg = Release|Win32
		{611D430B-0C6E-4B89-A060-563392CF3202}.Final|Win32.Build.0 = Release|Win32
		{611D430B-0C6E-4B89-A060-563392CF3202}.Release|Win32.ActiveCfg = Release|Win32
		{611D430B-0C6E-4B89-A060-563392CF3202}.Release|Win32.Build.0 = Release|Win32
		{AABA8B78-5E8C-416A-8ADA-5E897050A9CB}.Debug|Win32.ActiveCfg = Debug|Win32
		{AABA8B78-5E8C-416A-8ADA-5E897050A9CB}.Debug|Win32.Build.0 = Debug|Win32
		{AABA8B78-5E8C-416A-8ADA-5E897050A9CB}.Final|Win32.ActiveCfg = Release|Win32
		{AABA8B78-5E8C-416A-8ADA-5E897050A9CB}.Final|Win32.Build.0 = Release|Win32
		{AABA8B78-5E8C-416A-8ADA-5E897050A9CB}.Release|Win32.ActiveCfg = Release|Win32
		{AABA8B78-5E8C-416A-8ADA-5E897050A9CB}.Release|Win32.Build.0 = Release|Win32
		{C7C315B9-5F2E-4C97-8643-8419F31D6280}.Debug|Win32.ActiveCfg = Debug|Win32
		{C7C315B9-5F2E-4C97-8643-8419F31D6280}.Debug|Win32.Build.0 = Debug|Win32
		{C7C315B9-5F2E-4C97-8643-8419F31D6280}.Final|Win32.ActiveCfg = Release|Win32
		{C7C315B9-5F2E-4C97-8643-8419F31D6280}.Final|Win32.Build.0 = Release|Win32
		{C7C315B9-5F2E-4C97-8643-8419F31D6280}.Release|Win32.ActiveCfg = Release|Win32
		{C7C315B9-5F2E-4C97-8643-8419F31D6280}.Release|Win32.Build.0 = Release|Win32
		{35CC518A-0153-4AEC-831E-F20777753171}.Debug|Win32.ActiveCfg = Debug|Win32
		{35CC518A-0153-4AEC-831E-F20777753171}.Debug|Win32.Build.0 = Debug|Win32
		{35CC518A-0153-4AEC-831E-F20777753171}.Final|Win32.ActiveCfg = Release|Win32
		{35CC518A-0153-4AEC-831E-F20777753171}.Final|Win32.Build.0 = Release|Win32
		{35CC518A-0153-4AEC-831E-F20777753171}.Release|Win32.ActiveCfg = Release|Win32
		{35CC518A-0153-4AEC-831E-F20777753171}.Release|Win32.Build.0 = Release|Win32
		{6A9561C9-69B0-444B-81A0-806A3ACABB53}.Debug|Win32.ActiveCfg = Debug|Win32
		{6A9561C9-69B0-444B-81A0-806A3ACABB53}.Debug|Win32.Build.0 = Debug|Win32
		{6A9561C9-69B0-444B-81A0-806A3ACABB53}.Final|Win32.ActiveCfg = Release|Win32
		{6A9561C9-69B0-444B-81A0-806A3ACABB53}.Final|Win32.Build.0 = Release|Win32
		{6A9561C9-69B0-444B-81A0-806A3ACABB53}.Release|Win32.ActiveCfg = Release|Win32
		{6A9561C9-69B0-444B-81A0-806A3ACABB53}.Release|Win32.Build.0 = Release|Win32
	EndGlobalSection
	GlobalSection(SolutionProperties) = preSolution
		HideSolutionNode = FALSE
	EndGlobalSection
EndGlobal
