<?xml version="1.0" encoding="utf-8"?>
<Project ToolsVersion="4.0" xmlns="http://schemas.microsoft.com/developer/msbuild/2003">
  <ItemGroup>
    <Filter Include="Source Files">
      <UniqueIdentifier>{4FC737F1-C7A5-4376-A066-2A32D752A2FF}</UniqueIdentifier>
      <Extensions>cpp;c;cc;cxx;def;odl;idl;hpj;bat;asm;asmx</Extensions>
    </Filter>
    <Filter Include="Header Files">
      <UniqueIdentifier>{93995380-89BD-4b04-88EB-625FBE52EBFB}</UniqueIdentifier>
      <Extensions>h;hpp;hxx;hm;inl;inc;xsd</Extensions>
    </Filter>
    <Filter Include="Header Files\MaterialEditor">
      <UniqueIdentifier>{9c78c4b6-9e5c-4cc9-9f2e-4bda6cb8c6a6}</UniqueIdentifier>
    </Filter>
    <Filter Include="Resource Files">
      <UniqueIdentifier>{67DA6AB6-F800-4c08-8B7A-83BB121AAD01}</UniqueIdentifier>
      <Extensions>rc;ico;cur;bmp;dlg;rc2;rct;bin;rgs;gif;jpg;jpeg;jpe;resx;tiff;tif;png;wav</Extensions>
    </Filter>
  </ItemGroup>
  <ItemGroup>
    <ClCompile Include="AssemblyInfo.cpp">
      <Filter>Source Files</Filter>
    </ClCompile>
    <ClCompile Include="EngineWrapper.cpp">
      <Filter>Source Files</Filter>
    </ClCompile>
    <ClCompile Include="frmAbout.cpp">
      <Filter>Source Files</Filter>
    </ClCompile>
    <ClCompile Include="frmErrorList.cpp">
      <Filter>Source Files</Filter>
    </ClCompile>
    <ClCompile Include="frmFXs.cpp">
      <Filter>Source Files</Filter>
    </ClCompile>
    <ClCompile Include="frmHeightMapEditor.cpp">
      <Filter>Source Files</Filter>
    </ClCompile>
    <ClCompile Include="frmMaterialEditor.cpp">
      <Filter>Source Files</Filter>
    </ClCompile>
    <ClCompile Include="frmMaterialLib.cpp">
      <Filter>Source Files</Filter>
    </ClCompile>
    <ClCompile Include="frmOutput.cpp">
      <Filter>Source Files</Filter>
    </ClCompile>
    <ClCompile Include="frmSceneGraph.cpp">
      <Filter>Source Files</Filter>
    </ClCompile>
    <ClCompile Include="frmScriptEditor.cpp">
      <Filter>Source Files</Filter>
    </ClCompile>
    <ClCompile Include="frmSolutionExplorer.cpp">
      <Filter>Source Files</Filter>
    </ClCompile>
    <ClCompile Include="frmToolbox.cpp">
      <Filter>Source Files</Filter>
    </ClCompile>
    <ClCompile Include="frmWebBrowser.cpp">
      <Filter>Source Files</Filter>
    </ClCompile>
    <ClCompile Include="Logger.cpp">
      <Filter>Source Files</Filter>
    </ClCompile>
    <ClCompile Include="MaterialWrapper.cpp">
      <Filter>Source Files</Filter>
    </ClCompile>
    <ClCompile Include="nGENE Toolset.cpp">
      <Filter>Source Files</Filter>
    </ClCompile>
    <ClCompile Include="NodeWrapper.cpp">
      <Filter>Source Files</Filter>
    </ClCompile>
    <ClCompile Include="ParticleSystemWrapper.cpp">
      <Filter>Source Files</Filter>
    </ClCompile>
    <ClCompile Include="SceneGraph.cpp">
      <Filter>Source Files</Filter>
    </ClCompile>
    <ClCompile Include="ShaderEditor.cpp">
      <Filter>Source Files</Filter>
    </ClCompile>
    <ClCompile Include="stdafx.cpp">
      <Filter>Source Files</Filter>
    </ClCompile>
    <ClCompile Include="WorldWrapper.cpp">
      <Filter>Source Files</Filter>
    </ClCompile>
  </ItemGroup>
  <ItemGroup>
    <ClInclude Include="CameraWrapper.h">
      <Filter>Header Files</Filter>
    </ClInclude>
    <ClInclude Include="CloudsWrapper.h">
      <Filter>Header Files</Filter>
    </ClInclude>
    <ClInclude Include="EngineWrapper.h">
      <Filter>Header Files</Filter>
    </ClInclude>
    <ClInclude Include="frmAbout.h">
      <Filter>Header Files</Filter>
    </ClInclude>
    <ClInclude Include="frmErrorList.h">
      <Filter>Header Files</Filter>
    </ClInclude>
    <ClInclude Include="frmFXs.h">
      <Filter>Header Files</Filter>
    </ClInclude>
    <ClInclude Include="frmHeightMapEditor.h">
      <Filter>Header Files</Filter>
    </ClInclude>
    <ClInclude Include="frmMain.h">
      <Filter>Header Files</Filter>
    </ClInclude>
    <ClInclude Include="frmMaterialEditor.h">
      <Filter>Header Files</Filter>
    </ClInclude>
    <ClInclude Include="frmMaterialLib.h">
      <Filter>Header Files</Filter>
    </ClInclude>
    <ClInclude Include="frmOutput.h">
      <Filter>Header Files</Filter>
    </ClInclude>
    <ClInclude Include="frmPropertyManager.h">
      <Filter>Header Files</Filter>
    </ClInclude>
    <ClInclude Include="frmRenderTarget.h">
      <Filter>Header Files</Filter>
    </ClInclude>
    <ClInclude Include="frmSceneGraph.h">
      <Filter>Header Files</Filter>
    </ClInclude>
    <ClInclude Include="frmScriptEditor.h">
      <Filter>Header Files</Filter>
    </ClInclude>
    <ClInclude Include="frmSolutionExplorer.h">
      <Filter>Header Files</Filter>
    </ClInclude>
    <ClInclude Include="frmToolbox.h">
      <Filter>Header Files</Filter>
    </ClInclude>
    <ClInclude Include="frmWebBrowser.h">
      <Filter>Header Files</Filter>
    </ClInclude>
    <ClInclude Include="FurWrapper.h">
      <Filter>Header Files</Filter>
    </ClInclude>
    <ClInclude Include="LightningWrapper.h">
      <Filter>Header Files</Filter>
    </ClInclude>
    <ClInclude Include="LightWrapper.h">
      <Filter>Header Files</Filter>
    </ClInclude>
    <ClInclude Include="Logger.h">
      <Filter>Header Files</Filter>
    </ClInclude>
    <ClInclude Include="MaterialWrapper.h">
      <Filter>Header Files</Filter>
    </ClInclude>
    <ClInclude Include="MathWrapper.h">
      <Filter>Header Files</Filter>
    </ClInclude>
    <ClInclude Include="MeshWrapper.h">
      <Filter>Header Files</Filter>
    </ClInclude>
    <ClInclude Include="NodeWrapper.h">
      <Filter>Header Files</Filter>
    </ClInclude>
    <ClInclude Include="ParticleSystemWrapper.h">
      <Filter>Header Files</Filter>
    </ClInclude>
    <ClInclude Include="PrefabBoxWrapper.h">
      <Filter>Header Files</Filter>
    </ClInclude>
    <ClInclude Include="PrefabCapsuleWrapper.h">
      <Filter>Header Files</Filter>
    </ClInclude>
    <ClInclude Include="PrefabCylinderWrapper.h">
      <Filter>Header Files</Filter>
    </ClInclude>
    <ClInclude Include="PrefabPlaneWrapper.h">
      <Filter>Header Files</Filter>
    </ClInclude>
    <ClInclude Include="PrefabPyramidWrapper.h">
      <Filter>Header Files</Filter>
    </ClInclude>
    <ClInclude Include="PrefabSphereWrapper.h">
      <Filter>Header Files</Filter>
    </ClInclude>
    <ClInclude Include="PrefabTeapotWrapper.h">
      <Filter>Header Files</Filter>
    </ClInclude>
    <ClInclude Include="PrefabTorusWrapper.h">
      <Filter>Header Files</Filter>
    </ClInclude>
    <ClInclude Include="resource.h">
      <Filter>Header Files</Filter>
    </ClInclude>
    <ClInclude Include="RigidBodyWrapper.h">
      <Filter>Header Files</Filter>
    </ClInclude>
    <ClInclude Include="SceneGraph.h">
      <Filter>Header Files</Filter>
    </ClInclude>
    <ClInclude Include="ShaderEditor.h">
      <Filter>Header Files</Filter>
    </ClInclude>
    <ClInclude Include="SkyWrapper.h">
      <Filter>Header Files</Filter>
    </ClInclude>
    <ClInclude Include="SoundWrapper.h">
      <Filter>Header Files</Filter>
    </ClInclude>
    <ClInclude Include="stdafx.h">
      <Filter>Header Files</Filter>
    </ClInclude>
    <ClInclude Include="TerrainWrapper.h">
      <Filter>Header Files</Filter>
    </ClInclude>
    <ClInclude Include="WaterWrapper.h">
      <Filter>Header Files</Filter>
    </ClInclude>
    <ClInclude Include="WorldWrapper.h">
      <Filter>Header Files</Filter>
    </ClInclude>
  </ItemGroup>
  <ItemGroup>
    <EmbeddedResource Include="frmRenderTarget.resx">
      <Filter>Header Files</Filter>
    </EmbeddedResource>
    <EmbeddedResource Include="frmAbout.resx">
      <Filter>Resource Files</Filter>
    </EmbeddedResource>
    <EmbeddedResource Include="frmErrorList.resx">
      <Filter>Resource Files</Filter>
    </EmbeddedResource>
    <EmbeddedResource Include="frmFXs.resx">
      <Filter>Resource Files</Filter>
    </EmbeddedResource>
    <EmbeddedResource Include="frmHeightMapEditor.resx">
      <Filter>Resource Files</Filter>
    </EmbeddedResource>
    <EmbeddedResource Include="frmMain.resx">
      <Filter>Resource Files</Filter>
    </EmbeddedResource>
    <EmbeddedResource Include="frmMaterialEditor.resx">
      <Filter>Resource Files</Filter>
    </EmbeddedResource>
    <EmbeddedResource Include="frmMaterialLib.resx">
      <Filter>Resource Files</Filter>
    </EmbeddedResource>
    <EmbeddedResource Include="frmOutput.resx">
      <Filter>Resource Files</Filter>
    </EmbeddedResource>
    <EmbeddedResource Include="frmPropertyManager.resx">
      <Filter>Resource Files</Filter>
    </EmbeddedResource>
    <EmbeddedResource Include="frmSceneGraph.resx">
      <Filter>Resource Files</Filter>
    </EmbeddedResource>
    <EmbeddedResource Include="frmScriptEditor.resx">
      <Filter>Resource Files</Filter>
    </EmbeddedResource>
    <EmbeddedResource Include="frmSolutionExplorer.resx">
      <Filter>Resource Files</Filter>
    </EmbeddedResource>
    <EmbeddedResource Include="frmToolbox.resx">
      <Filter>Resource Files</Filter>
    </EmbeddedResource>
    <EmbeddedResource Include="frmWebBrowser.resx">
      <Filter>Resource Files</Filter>
    </EmbeddedResource>
    <EmbeddedResource Include="ShaderEditor.resx">
      <Filter>Resource Files</Filter>
    </EmbeddedResource>
  </ItemGroup>
  <ItemGroup>
    <None Include="app.ico">
      <Filter>Resource Files</Filter>
    </None>
  </ItemGroup>
  <ItemGroup>
    <ResourceCompile Include="app.rc">
      <Filter>Resource Files</Filter>
    </ResourceCompile>
  </ItemGroup>
</Project>