
Microsoft Visual Studio Solution File, Format Version 11.00
# Visual Studio 2010
Project("{8BC9CEB8-8B4A-11D0-8D11-00A0C91BC942}") = "nGENE Proj", "nGENE Proj.vcxproj", "{52A01792-B40F-4F67-9FC0-724ECCAEBBCF}"
	ProjectSection(ProjectDependencies) = postProject
		{95845731-DA7C-4DE3-A503-AB02E7F82775} = {95845731-DA7C-4DE3-A503-AB02E7F82775}
	EndProjectSection
EndProject
Project("{8BC9CEB8-8B4A-11D0-8D11-00A0C91BC942}") = "nGENE Toolset", "..\nGENE Toolset\nGENE Toolset.vcxproj", "{F4704AEE-3F33-4AB0-A72C-4875B4F8746A}"
	ProjectSection(ProjectDependencies) = postProject
		{C75532C4-765B-418E-B09B-46D36B2ABDB1} = {C75532C4-765B-418E-B09B-46D36B2ABDB1}
		{6B3C3EF7-07DA-4BD5-AA50-360ECB395E0D} = {6B3C3EF7-07DA-4BD5-AA50-360ECB395E0D}
	EndProjectSection
EndProject
Project("{8BC9CEB8-8B4A-11D0-8D11-00A0C91BC942}") = "Test", "..\Test\Test.vcxproj", "{B13026E1-DDF6-42F7-9F74-53E92337184C}"
EndProject
Project("{8BC9CEB8-8B4A-11D0-8D11-00A0C91BC942}") = "ArchiveBuilder", "..\ArchiveBuilder\ArchiveBuilder.vcxproj", "{2D46BF95-D17F-4B85-95DA-71F41935D284}"
EndProject
Project("{8BC9CEB8-8B4A-11D0-8D11-00A0C91BC942}") = "nGENE MaterialEditor Control", "..\nGENE MaterialEditor Control\nGENE MaterialEditor Control.vcxproj", "{F280A3A6-D032-4336-AAB3-CFC08DBF6669}"
EndProject
Project("{2150E333-8FDC-42A3-9474-1A3956D46DE8}") = "Applications", "Applications", "{DC0ACC33-9C90-43F8-B7C9-2CF3015D5E78}"
EndProject
Project("{8BC9CEB8-8B4A-11D0-8D11-00A0C91BC942}") = "AIAD", "..\Samples\AIAD\AIAD.vcxproj", "{0C5E741D-91CC-4E79-A5EF-4F296212E77C}"
	ProjectSection(ProjectDependencies) = postProject
		{52A01792-B40F-4F67-9FC0-724ECCAEBBCF} = {52A01792-B40F-4F67-9FC0-724ECCAEBBCF}
		{6B3C3EF7-07DA-4BD5-AA50-360ECB395E0D} = {6B3C3EF7-07DA-4BD5-AA50-360ECB395E0D}
	EndProjectSection
EndProject
Project("{2150E333-8FDC-42A3-9474-1A3956D46DE8}") = "Samples", "Samples", "{BDE2E981-8DC7-4D99-9637-5E45E77D07A8}"
EndProject
Project("{2150E333-8FDC-42A3-9474-1A3956D46DE8}") = "Tutorials", "Tutorials", "{A5625871-85B7-4589-B4C5-B94B9AF9FC90}"
EndProject
Project("{8BC9CEB8-8B4A-11D0-8D11-00A0C91BC942}") = "AnimationIntroduction", "..\Samples\AnimationIntroduction\AnimationIntroduction.vcxproj", "{72E04A5F-F949-4DCD-A147-EE844589D3E6}"
	ProjectSection(ProjectDependencies) = postProject
		{52A01792-B40F-4F67-9FC0-724ECCAEBBCF} = {52A01792-B40F-4F67-9FC0-724ECCAEBBCF}
		{6B3C3EF7-07DA-4BD5-AA50-360ECB395E0D} = {6B3C3EF7-07DA-4BD5-AA50-360ECB395E0D}
	EndProjectSection
EndProject
Project("{8BC9CEB8-8B4A-11D0-8D11-00A0C91BC942}") = "Applet", "..\Samples\Applet\Applet.vcxproj", "{FD2A5510-7D88-4A92-895D-53FD3E30A6D9}"
	ProjectSection(ProjectDependencies) = postProject
		{52A01792-B40F-4F67-9FC0-724ECCAEBBCF} = {52A01792-B40F-4F67-9FC0-724ECCAEBBCF}
		{6B3C3EF7-07DA-4BD5-AA50-360ECB395E0D} = {6B3C3EF7-07DA-4BD5-AA50-360ECB395E0D}
	EndProjectSection
EndProject
Project("{8BC9CEB8-8B4A-11D0-8D11-00A0C91BC942}") = "FSM", "..\Samples\FSM\FSM.vcxproj", "{EE1842E2-BC1C-4428-BC26-45F974D34F5D}"
	ProjectSection(ProjectDependencies) = postProject
		{52A01792-B40F-4F67-9FC0-724ECCAEBBCF} = {52A01792-B40F-4F67-9FC0-724ECCAEBBCF}
		{6B3C3EF7-07DA-4BD5-AA50-360ECB395E0D} = {6B3C3EF7-07DA-4BD5-AA50-360ECB395E0D}
	EndProjectSection
EndProject
Project("{8BC9CEB8-8B4A-11D0-8D11-00A0C91BC942}") = "FurryBunny", "..\Samples\FurryBunny\FurryBunny.vcxproj", "{C3C545E3-7CC2-443B-8630-60C743B78D40}"
	ProjectSection(ProjectDependencies) = postProject
		{6B3C3EF7-07DA-4BD5-AA50-360ECB395E0D} = {6B3C3EF7-07DA-4BD5-AA50-360ECB395E0D}
	EndProjectSection
EndProject
Project("{8BC9CEB8-8B4A-11D0-8D11-00A0C91BC942}") = "LightningBolts", "..\Samples\LightningBolts\LightningBolts.vcxproj", "{21C5F776-73E3-4402-8341-4D49C53DF874}"
	ProjectSection(ProjectDependencies) = postProject
		{6B3C3EF7-07DA-4BD5-AA50-360ECB395E0D} = {6B3C3EF7-07DA-4BD5-AA50-360ECB395E0D}
	EndProjectSection
EndProject
Project("{8BC9CEB8-8B4A-11D0-8D11-00A0C91BC942}") = "LightShafts", "..\Samples\LightShafts\LightShafts.vcxproj", "{8FDACDCA-59B6-4AE9-B024-4BEDAABB1C96}"
	ProjectSection(ProjectDependencies) = postProject
		{6B3C3EF7-07DA-4BD5-AA50-360ECB395E0D} = {6B3C3EF7-07DA-4BD5-AA50-360ECB395E0D}
	EndProjectSection
EndProject
Project("{8BC9CEB8-8B4A-11D0-8D11-00A0C91BC942}") = "MorphableTerrain", "..\Samples\MorphableTerrain\MorphableTerrain.vcxproj", "{69434B3B-BAF1-4BF6-AD0B-8A400FD370CC}"
	ProjectSection(ProjectDependencies) = postProject
		{6B3C3EF7-07DA-4BD5-AA50-360ECB395E0D} = {6B3C3EF7-07DA-4BD5-AA50-360ECB395E0D}
	EndProjectSection
EndProject
Project("{8BC9CEB8-8B4A-11D0-8D11-00A0C91BC942}") = "NPR", "..\Samples\NPR\NPR.vcxproj", "{E7B867AD-B8C7-4BCD-B149-126DBE850403}"
	ProjectSection(ProjectDependencies) = postProject
		{6B3C3EF7-07DA-4BD5-AA50-360ECB395E0D} = {6B3C3EF7-07DA-4BD5-AA50-360ECB395E0D}
	EndProjectSection
EndProject
Project("{8BC9CEB8-8B4A-11D0-8D11-00A0C91BC942}") = "Ragdoll", "..\Samples\Ragdoll\Ragdoll.vcxproj", "{33202FD2-AF38-428F-A6CD-AD359AC82F0D}"
	ProjectSection(ProjectDependencies) = postProject
		{6B3C3EF7-07DA-4BD5-AA50-360ECB395E0D} = {6B3C3EF7-07DA-4BD5-AA50-360ECB395E0D}
	EndProjectSection
EndProject
Project("{8BC9CEB8-8B4A-11D0-8D11-00A0C91BC942}") = "Sound", "..\Samples\Sound\Sound.vcxproj", "{2CCD73E3-1B11-4252-BF33-FDF518CCD1B6}"
	ProjectSection(ProjectDependencies) = postProject
		{6B3C3EF7-07DA-4BD5-AA50-360ECB395E0D} = {6B3C3EF7-07DA-4BD5-AA50-360ECB395E0D}
	EndProjectSection
EndProject
Project("{8BC9CEB8-8B4A-11D0-8D11-00A0C91BC942}") = "SwayingPalm", "..\Samples\SwayingPalm\SwayingPalm.vcxproj", "{9A4527CA-B62A-48B3-B410-9EEC9E73A637}"
	ProjectSection(ProjectDependencies) = postProject
		{6B3C3EF7-07DA-4BD5-AA50-360ECB395E0D} = {6B3C3EF7-07DA-4BD5-AA50-360ECB395E0D}
	EndProjectSection
EndProject
Project("{8BC9CEB8-8B4A-11D0-8D11-00A0C91BC942}") = "Tornado", "..\Samples\Tornado\Tornado.vcxproj", "{E658F23F-9DEB-454A-955F-C0E5A4976854}"
	ProjectSection(ProjectDependencies) = postProject
		{6B3C3EF7-07DA-4BD5-AA50-360ECB395E0D} = {6B3C3EF7-07DA-4BD5-AA50-360ECB395E0D}
	EndProjectSection
EndProject
Project("{8BC9CEB8-8B4A-11D0-8D11-00A0C91BC942}") = "VFS", "..\Samples\VFS\VFS.vcxproj", "{1D031867-3CFB-4160-AF51-F3E84ECB2576}"
	ProjectSection(ProjectDependencies) = postProject
		{6B3C3EF7-07DA-4BD5-AA50-360ECB395E0D} = {6B3C3EF7-07DA-4BD5-AA50-360ECB395E0D}
	EndProjectSection
EndProject
Project("{8BC9CEB8-8B4A-11D0-8D11-00A0C91BC942}") = "WaterForLeadwerks", "..\Samples\WaterForLeadwerks\WaterForLeadwerks.vcxproj", "{967706E8-422D-47C9-B623-D3AFC6C14FB1}"
	ProjectSection(ProjectDependencies) = postProject
		{6B3C3EF7-07DA-4BD5-AA50-360ECB395E0D} = {6B3C3EF7-07DA-4BD5-AA50-360ECB395E0D}
	EndProjectSection
EndProject
Project("{8BC9CEB8-8B4A-11D0-8D11-00A0C91BC942}") = "WaterIGK", "..\Samples\WaterIGK\WaterIGK.vcxproj", "{7429876C-1C68-411E-8DB7-6C88F49F9104}"
	ProjectSection(ProjectDependencies) = postProject
		{6B3C3EF7-07DA-4BD5-AA50-360ECB395E0D} = {6B3C3EF7-07DA-4BD5-AA50-360ECB395E0D}
	EndProjectSection
EndProject
Project("{8BC9CEB8-8B4A-11D0-8D11-00A0C91BC942}") = "Tutorial_1_1", "..\Tutorials\Tutorial_1_1\Tutorial_1_1.vcxproj", "{AB47D26B-3ABD-4287-9361-D625DFFEC428}"
	ProjectSection(ProjectDependencies) = postProject
		{6B3C3EF7-07DA-4BD5-AA50-360ECB395E0D} = {6B3C3EF7-07DA-4BD5-AA50-360ECB395E0D}
	EndProjectSection
EndProject
Project("{8BC9CEB8-8B4A-11D0-8D11-00A0C91BC942}") = "Tutorial_1_2", "..\Tutorials\Tutorial_1_2\Tutorial_1_2.vcxproj", "{A6C8AE78-D043-4117-9F28-B9765985E05F}"
	ProjectSection(ProjectDependencies) = postProject
		{6B3C3EF7-07DA-4BD5-AA50-360ECB395E0D} = {6B3C3EF7-07DA-4BD5-AA50-360ECB395E0D}
	EndProjectSection
EndProject
Project("{8BC9CEB8-8B4A-11D0-8D11-00A0C91BC942}") = "Tutorial_1_3", "..\Tutorials\Tutorial_1_3\Tutorial_1_3.vcxproj", "{20F1FB1E-EB56-4682-9459-C89F59714DA9}"
	ProjectSection(ProjectDependencies) = postProject
		{6B3C3EF7-07DA-4BD5-AA50-360ECB395E0D} = {6B3C3EF7-07DA-4BD5-AA50-360ECB395E0D}
	EndProjectSection
EndProject
Project("{8BC9CEB8-8B4A-11D0-8D11-00A0C91BC942}") = "Tutorial_1_4", "..\Tutorials\Tutorial_1_4\Tutorial_1_4.vcxproj", "{52E8E0D8-3AB7-4E17-930F-583A9CBBEB04}"
	ProjectSection(ProjectDependencies) = postProject
		{6B3C3EF7-07DA-4BD5-AA50-360ECB395E0D} = {6B3C3EF7-07DA-4BD5-AA50-360ECB395E0D}
	EndProjectSection
EndProject
Project("{8BC9CEB8-8B4A-11D0-8D11-00A0C91BC942}") = "Tutorial_1_5", "..\Tutorials\Tutorial_1_5\Tutorial_1_5.vcxproj", "{BD8D9CB9-AA10-4724-8B1B-7133C1D502C4}"
	ProjectSection(ProjectDependencies) = postProject
		{6B3C3EF7-07DA-4BD5-AA50-360ECB395E0D} = {6B3C3EF7-07DA-4BD5-AA50-360ECB395E0D}
	EndProjectSection
EndProject
Project("{8BC9CEB8-8B4A-11D0-8D11-00A0C91BC942}") = "Tutorial_1_6", "..\Tutorials\Tutorial_1_6\Tutorial_1_6.vcxproj", "{24612167-6761-4E10-8162-CCF8E0C97C09}"
	ProjectSection(ProjectDependencies) = postProject
		{6B3C3EF7-07DA-4BD5-AA50-360ECB395E0D} = {6B3C3EF7-07DA-4BD5-AA50-360ECB395E0D}
	EndProjectSection
EndProject
Project("{8BC9CEB8-8B4A-11D0-8D11-00A0C91BC942}") = "Tutorial_2_1", "..\Tutorials\Tutorial_2_1\Tutorial_2_1.vcxproj", "{755B72DB-7BB6-4311-92EE-449860F51288}"
	ProjectSection(ProjectDependencies) = postProject
		{6B3C3EF7-07DA-4BD5-AA50-360ECB395E0D} = {6B3C3EF7-07DA-4BD5-AA50-360ECB395E0D}
	EndProjectSection
EndProject
Project("{8BC9CEB8-8B4A-11D0-8D11-00A0C91BC942}") = "Tutorial_2_2", "..\Tutorials\Tutorial_2_2\Tutorial_2_2.vcxproj", "{75782867-23A3-469D-B713-4C9D2A02897E}"
	ProjectSection(ProjectDependencies) = postProject
		{6B3C3EF7-07DA-4BD5-AA50-360ECB395E0D} = {6B3C3EF7-07DA-4BD5-AA50-360ECB395E0D}
	EndProjectSection
EndProject
Project("{8BC9CEB8-8B4A-11D0-8D11-00A0C91BC942}") = "Tutorial_2_3", "..\Tutorials\Tutorial_2_3\Tutorial_2_3.vcxproj", "{03101E98-7366-42B4-82EE-3EAD2925A7D5}"
	ProjectSection(ProjectDependencies) = postProject
		{6B3C3EF7-07DA-4BD5-AA50-360ECB395E0D} = {6B3C3EF7-07DA-4BD5-AA50-360ECB395E0D}
	EndProjectSection
EndProject
Project("{8BC9CEB8-8B4A-11D0-8D11-00A0C91BC942}") = "Tutorial_2_5", "..\Tutorials\Tutorial_2_5\Tutorial_2_5.vcxproj", "{652E0312-1A0C-4615-A05A-FB5AC4881F2C}"
	ProjectSection(ProjectDependencies) = postProject
		{6B3C3EF7-07DA-4BD5-AA50-360ECB395E0D} = {6B3C3EF7-07DA-4BD5-AA50-360ECB395E0D}
	EndProjectSection
EndProject
Project("{8BC9CEB8-8B4A-11D0-8D11-00A0C91BC942}") = "Tutorial_3_3", "..\Tutorials\Tutorial_3_3\Tutorial_3_3.vcxproj", "{EBE52D41-5D03-4976-816D-61117672F4B5}"
	ProjectSection(ProjectDependencies) = postProject
		{6B3C3EF7-07DA-4BD5-AA50-360ECB395E0D} = {6B3C3EF7-07DA-4BD5-AA50-360ECB395E0D}
	EndProjectSection
EndProject
Project("{2150E333-8FDC-42A3-9474-1A3956D46DE8}") = "Dependencies", "Dependencies", "{CADCC29F-2627-4684-8350-EF0E8984113B}"
EndProject
Project("{8BC9CEB8-8B4A-11D0-8D11-00A0C91BC942}") = "LuaBind", "..\Dependencies\LuaBind\Project\luabind\Build\LuaBind.vcxproj", "{95845731-DA7C-4DE3-A503-AB02E7F82775}"
	ProjectSection(ProjectDependencies) = postProject
		{813F7A7F-05E7-4FAE-8ABB-01739BE0079D} = {813F7A7F-05E7-4FAE-8ABB-01739BE0079D}
	EndProjectSection
EndProject
Project("{8BC9CEB8-8B4A-11D0-8D11-00A0C91BC942}") = "Lua", "..\Dependencies\LuaBind\Project\lua\Build\Lua.vcxproj", "{813F7A7F-05E7-4FAE-8ABB-01739BE0079D}"
EndProject
Project("{2150E333-8FDC-42A3-9474-1A3956D46DE8}") = "Tools", "Tools", "{E71FCEF8-54A6-448E-8E5D-4E8BCC2CEE19}"
EndProject
Project("{8BC9CEB8-8B4A-11D0-8D11-00A0C91BC942}") = "nGENE Framework", "..\nGENE Framework\nGENE Framework.vcxproj", "{6B3C3EF7-07DA-4BD5-AA50-360ECB395E0D}"
EndProject
Project("{FAE04EC0-301F-11D3-BF4B-00C04F79EFBC}") = "DockPanelSuite", "..\Dependencies\DockManager\src\DockPanelSuite.csproj", "{C75532C4-765B-418E-B09B-46D36B2ABDB1}"
EndProject
Global
	GlobalSection(SolutionConfigurationPlatforms) = preSolution
		Debug|Any CPU = Debug|Any CPU
		Debug|Mixed Platforms = Debug|Mixed Platforms
		Debug|Win32 = Debug|Win32
		Debug|x86 = Debug|x86
		Final|Any CPU = Final|Any CPU
		Final|Mixed Platforms = Final|Mixed Platforms
		Final|Win32 = Final|Win32
		Final|x86 = Final|x86
		Release|Any CPU = Release|Any CPU
		Release|Mixed Platforms = Release|Mixed Platforms
		Release|Win32 = Release|Win32
		Release|x86 = Release|x86
	EndGlobalSection
	GlobalSection(ProjectConfigurationPlatforms) = postSolution
		{52A01792-B40F-4F67-9FC0-724ECCAEBBCF}.Debug|Any CPU.ActiveCfg = Debug|Win32
		{52A01792-B40F-4F67-9FC0-724ECCAEBBCF}.Debug|Mixed Platforms.ActiveCfg = Debug|Win32
		{52A01792-B40F-4F67-9FC0-724ECCAEBBCF}.Debug|Mixed Platforms.Build.0 = Debug|Win32
		{52A01792-B40F-4F67-9FC0-724ECCAEBBCF}.Debug|Win32.ActiveCfg = Debug|Win32
		{52A01792-B40F-4F67-9FC0-724ECCAEBBCF}.Debug|Win32.Build.0 = Debug|Win32
		{52A01792-B40F-4F67-9FC0-724ECCAEBBCF}.Debug|x86.ActiveCfg = Debug|Win32
		{52A01792-B40F-4F67-9FC0-724ECCAEBBCF}.Final|Any CPU.ActiveCfg = Final|Win32
		{52A01792-B40F-4F67-9FC0-724ECCAEBBCF}.Final|Mixed Platforms.ActiveCfg = Final|Win32
		{52A01792-B40F-4F67-9FC0-724ECCAEBBCF}.Final|Mixed Platforms.Build.0 = Final|Win32
		{52A01792-B40F-4F67-9FC0-724ECCAEBBCF}.Final|Win32.ActiveCfg = Final|Win32
		{52A01792-B40F-4F67-9FC0-724ECCAEBBCF}.Final|Win32.Build.0 = Final|Win32
		{52A01792-B40F-4F67-9FC0-724ECCAEBBCF}.Final|x86.ActiveCfg = Final|Win32
		{52A01792-B40F-4F67-9FC0-724ECCAEBBCF}.Release|Any CPU.ActiveCfg = Release|Win32
		{52A01792-B40F-4F67-9FC0-724ECCAEBBCF}.Release|Mixed Platforms.ActiveCfg = Release|Win32
		{52A01792-B40F-4F67-9FC0-724ECCAEBBCF}.Release|Mixed Platforms.Build.0 = Release|Win32
		{52A01792-B40F-4F67-9FC0-724ECCAEBBCF}.Release|Win32.ActiveCfg = Release|Win32
		{52A01792-B40F-4F67-9FC0-724ECCAEBBCF}.Release|Win32.Build.0 = Release|Win32
		{52A01792-B40F-4F67-9FC0-724ECCAEBBCF}.Release|x86.ActiveCfg = Release|Win32
		{F4704AEE-3F33-4AB0-A72C-4875B4F8746A}.Debug|Any CPU.ActiveCfg = Debug|Win32
		{F4704AEE-3F33-4AB0-A72C-4875B4F8746A}.Debug|Mixed Platforms.ActiveCfg = Debug|Win32
		{F4704AEE-3F33-4AB0-A72C-4875B4F8746A}.Debug|Mixed Platforms.Build.0 = Debug|Win32
		{F4704AEE-3F33-4AB0-A72C-4875B4F8746A}.Debug|Win32.ActiveCfg = Debug|Win32
		{F4704AEE-3F33-4AB0-A72C-4875B4F8746A}.Debug|Win32.Build.0 = Debug|Win32
		{F4704AEE-3F33-4AB0-A72C-4875B4F8746A}.Debug|x86.ActiveCfg = Debug|Win32
		{F4704AEE-3F33-4AB0-A72C-4875B4F8746A}.Final|Any CPU.ActiveCfg = Final|Win32
		{F4704AEE-3F33-4AB0-A72C-4875B4F8746A}.Final|Mixed Platforms.ActiveCfg = Final|Win32
		{F4704AEE-3F33-4AB0-A72C-4875B4F8746A}.Final|Mixed Platforms.Build.0 = Final|Win32
		{F4704AEE-3F33-4AB0-A72C-4875B4F8746A}.Final|Win32.ActiveCfg = Release|Win32
		{F4704AEE-3F33-4AB0-A72C-4875B4F8746A}.Final|Win32.Build.0 = Release|Win32
		{F4704AEE-3F33-4AB0-A72C-4875B4F8746A}.Final|x86.ActiveCfg = Final|Win32
		{F4704AEE-3F33-4AB0-A72C-4875B4F8746A}.Release|Any CPU.ActiveCfg = Release|Win32
		{F4704AEE-3F33-4AB0-A72C-4875B4F8746A}.Release|Mixed Platforms.ActiveCfg = Release|Win32
		{F4704AEE-3F33-4AB0-A72C-4875B4F8746A}.Release|Mixed Platforms.Build.0 = Release|Win32
		{F4704AEE-3F33-4AB0-A72C-4875B4F8746A}.Release|Win32.ActiveCfg = Release|Win32
		{F4704AEE-3F33-4AB0-A72C-4875B4F8746A}.Release|Win32.Build.0 = Release|Win32
		{F4704AEE-3F33-4AB0-A72C-4875B4F8746A}.Release|x86.ActiveCfg = Release|Win32
		{B13026E1-DDF6-42F7-9F74-53E92337184C}.Debug|Any CPU.ActiveCfg = Debug|Win32
		{B13026E1-DDF6-42F7-9F74-53E92337184C}.Debug|Mixed Platforms.ActiveCfg = Debug|Win32
		{B13026E1-DDF6-42F7-9F74-53E92337184C}.Debug|Mixed Platforms.Build.0 = Debug|Win32
		{B13026E1-DDF6-42F7-9F74-53E92337184C}.Debug|Win32.ActiveCfg = Debug|Win32
		{B13026E1-DDF6-42F7-9F74-53E92337184C}.Debug|x86.ActiveCfg = Debug|Win32
		{B13026E1-DDF6-42F7-9F74-53E92337184C}.Final|Any CPU.ActiveCfg = Final|Win32
		{B13026E1-DDF6-42F7-9F74-53E92337184C}.Final|Mixed Platforms.ActiveCfg = Final|Win32
		{B13026E1-DDF6-42F7-9F74-53E92337184C}.Final|Mixed Platforms.Build.0 = Final|Win32
		{B13026E1-DDF6-42F7-9F74-53E92337184C}.Final|Win32.ActiveCfg = Release|Win32
		{B13026E1-DDF6-42F7-9F74-53E92337184C}.Final|Win32.Build.0 = Release|Win32
		{B13026E1-DDF6-42F7-9F74-53E92337184C}.Final|x86.ActiveCfg = Final|Win32
		{B13026E1-DDF6-42F7-9F74-53E92337184C}.Release|Any CPU.ActiveCfg = Release|Win32
		{B13026E1-DDF6-42F7-9F74-53E92337184C}.Release|Mixed Platforms.ActiveCfg = Release|Win32
		{B13026E1-DDF6-42F7-9F74-53E92337184C}.Release|Mixed Platforms.Build.0 = Release|Win32
		{B13026E1-DDF6-42F7-9F74-53E92337184C}.Release|Win32.ActiveCfg = Release|Win32
		{B13026E1-DDF6-42F7-9F74-53E92337184C}.Release|x86.ActiveCfg = Release|Win32
		{2D46BF95-D17F-4B85-95DA-71F41935D284}.Debug|Any CPU.ActiveCfg = Debug|Win32
		{2D46BF95-D17F-4B85-95DA-71F41935D284}.Debug|Mixed Platforms.ActiveCfg = Debug|Win32
		{2D46BF95-D17F-4B85-95DA-71F41935D284}.Debug|Mixed Platforms.Build.0 = Debug|Win32
		{2D46BF95-D17F-4B85-95DA-71F41935D284}.Debug|Win32.ActiveCfg = Debug|Win32
		{2D46BF95-D17F-4B85-95DA-71F41935D284}.Debug|x86.ActiveCfg = Debug|Win32
		{2D46BF95-D17F-4B85-95DA-71F41935D284}.Final|Any CPU.ActiveCfg = Final|Win32
		{2D46BF95-D17F-4B85-95DA-71F41935D284}.Final|Mixed Platforms.ActiveCfg = Final|Win32
		{2D46BF95-D17F-4B85-95DA-71F41935D284}.Final|Mixed Platforms.Build.0 = Final|Win32
		{2D46BF95-D17F-4B85-95DA-71F41935D284}.Final|Win32.ActiveCfg = Final|Win32
		{2D46BF95-D17F-4B85-95DA-71F41935D284}.Final|Win32.Build.0 = Final|Win32
		{2D46BF95-D17F-4B85-95DA-71F41935D284}.Final|x86.ActiveCfg = Final|Win32
		{2D46BF95-D17F-4B85-95DA-71F41935D284}.Release|Any CPU.ActiveCfg = Release|Win32
		{2D46BF95-D17F-4B85-95DA-71F41935D284}.Release|Mixed Platforms.ActiveCfg = Release|Win32
		{2D46BF95-D17F-4B85-95DA-71F41935D284}.Release|Mixed Platforms.Build.0 = Release|Win32
		{2D46BF95-D17F-4B85-95DA-71F41935D284}.Release|Win32.ActiveCfg = Release|Win32
		{2D46BF95-D17F-4B85-95DA-71F41935D284}.Release|Win32.Build.0 = Release|Win32
		{2D46BF95-D17F-4B85-95DA-71F41935D284}.Release|x86.ActiveCfg = Release|Win32
		{F280A3A6-D032-4336-AAB3-CFC08DBF6669}.Debug|Any CPU.ActiveCfg = Debug|Win32
		{F280A3A6-D032-4336-AAB3-CFC08DBF6669}.Debug|Mixed Platforms.ActiveCfg = Debug|Win32
		{F280A3A6-D032-4336-AAB3-CFC08DBF6669}.Debug|Mixed Platforms.Build.0 = Debug|Win32
		{F280A3A6-D032-4336-AAB3-CFC08DBF6669}.Debug|Win32.ActiveCfg = Debug|Win32
		{F280A3A6-D032-4336-AAB3-CFC08DBF6669}.Debug|Win32.Build.0 = Debug|Win32
		{F280A3A6-D032-4336-AAB3-CFC08DBF6669}.Debug|x86.ActiveCfg = Debug|Win32
		{F280A3A6-D032-4336-AAB3-CFC08DBF6669}.Final|Any CPU.ActiveCfg = Release|Win32
		{F280A3A6-D032-4336-AAB3-CFC08DBF6669}.Final|Mixed Platforms.ActiveCfg = Release|Win32
		{F280A3A6-D032-4336-AAB3-CFC08DBF6669}.Final|Mixed Platforms.Build.0 = Release|Win32
		{F280A3A6-D032-4336-AAB3-CFC08DBF6669}.Final|Win32.ActiveCfg = Release|Win32
		{F280A3A6-D032-4336-AAB3-CFC08DBF6669}.Final|Win32.Build.0 = Release|Win32
		{F280A3A6-D032-4336-AAB3-CFC08DBF6669}.Final|x86.ActiveCfg = Release|Win32
		{F280A3A6-D032-4336-AAB3-CFC08DBF6669}.Release|Any CPU.ActiveCfg = Release|Win32
		{F280A3A6-D032-4336-AAB3-CFC08DBF6669}.Release|Mixed Platforms.ActiveCfg = Release|Win32
		{F280A3A6-D032-4336-AAB3-CFC08DBF6669}.Release|Mixed Platforms.Build.0 = Release|Win32
		{F280A3A6-D032-4336-AAB3-CFC08DBF6669}.Release|Win32.ActiveCfg = Release|Win32
		{F280A3A6-D032-4336-AAB3-CFC08DBF6669}.Release|Win32.Build.0 = Release|Win32
		{F280A3A6-D032-4336-AAB3-CFC08DBF6669}.Release|x86.ActiveCfg = Release|Win32
		{0C5E741D-91CC-4E79-A5EF-4F296212E77C}.Debug|Any CPU.ActiveCfg = Debug|Win32
		{0C5E741D-91CC-4E79-A5EF-4F296212E77C}.Debug|Mixed Platforms.ActiveCfg = Debug|Win32
		{0C5E741D-91CC-4E79-A5EF-4F296212E77C}.Debug|Mixed Platforms.Build.0 = Debug|Win32
		{0C5E741D-91CC-4E79-A5EF-4F296212E77C}.Debug|Win32.ActiveCfg = Debug|Win32
		{0C5E741D-91CC-4E79-A5EF-4F296212E77C}.Debug|Win32.Build.0 = Debug|Win32
		{0C5E741D-91CC-4E79-A5EF-4F296212E77C}.Debug|x86.ActiveCfg = Debug|Win32
		{0C5E741D-91CC-4E79-A5EF-4F296212E77C}.Final|Any CPU.ActiveCfg = Release|Win32
		{0C5E741D-91CC-4E79-A5EF-4F296212E77C}.Final|Mixed Platforms.ActiveCfg = Release|Win32
		{0C5E741D-91CC-4E79-A5EF-4F296212E77C}.Final|Mixed Platforms.Build.0 = Release|Win32
		{0C5E741D-91CC-4E79-A5EF-4F296212E77C}.Final|Win32.ActiveCfg = Release|Win32
		{0C5E741D-91CC-4E79-A5EF-4F296212E77C}.Final|Win32.Build.0 = Release|Win32
		{0C5E741D-91CC-4E79-A5EF-4F296212E77C}.Final|x86.ActiveCfg = Release|Win32
		{0C5E741D-91CC-4E79-A5EF-4F296212E77C}.Release|Any CPU.ActiveCfg = Release|Win32
		{0C5E741D-91CC-4E79-A5EF-4F296212E77C}.Release|Mixed Platforms.ActiveCfg = Release|Win32
		{0C5E741D-91CC-4E79-A5EF-4F296212E77C}.Release|Mixed Platforms.Build.0 = Release|Win32
		{0C5E741D-91CC-4E79-A5EF-4F296212E77C}.Release|Win32.ActiveCfg = Release|Win32
		{0C5E741D-91CC-4E79-A5EF-4F296212E77C}.Release|Win32.Build.0 = Release|Win32
		{0C5E741D-91CC-4E79-A5EF-4F296212E77C}.Release|x86.ActiveCfg = Release|Win32
		{72E04A5F-F949-4DCD-A147-EE844589D3E6}.Debug|Any CPU.ActiveCfg = Debug|Win32
		{72E04A5F-F949-4DCD-A147-EE844589D3E6}.Debug|Mixed Platforms.ActiveCfg = Debug|Win32
		{72E04A5F-F949-4DCD-A147-EE844589D3E6}.Debug|Mixed Platforms.Build.0 = Debug|Win32
		{72E04A5F-F949-4DCD-A147-EE844589D3E6}.Debug|Win32.ActiveCfg = Debug|Win32
		{72E04A5F-F949-4DCD-A147-EE844589D3E6}.Debug|Win32.Build.0 = Debug|Win32
		{72E04A5F-F949-4DCD-A147-EE844589D3E6}.Debug|x86.ActiveCfg = Debug|Win32
		{72E04A5F-F949-4DCD-A147-EE844589D3E6}.Final|Any CPU.ActiveCfg = Release|Win32
		{72E04A5F-F949-4DCD-A147-EE844589D3E6}.Final|Mixed Platforms.ActiveCfg = Release|Win32
		{72E04A5F-F949-4DCD-A147-EE844589D3E6}.Final|Mixed Platforms.Build.0 = Release|Win32
		{72E04A5F-F949-4DCD-A147-EE844589D3E6}.Final|Win32.ActiveCfg = Release|Win32
		{72E04A5F-F949-4DCD-A147-EE844589D3E6}.Final|Win32.Build.0 = Release|Win32
		{72E04A5F-F949-4DCD-A147-EE844589D3E6}.Final|x86.ActiveCfg = Release|Win32
		{72E04A5F-F949-4DCD-A147-EE844589D3E6}.Release|Any CPU.ActiveCfg = Release|Win32
		{72E04A5F-F949-4DCD-A147-EE844589D3E6}.Release|Mixed Platforms.ActiveCfg = Release|Win32
		{72E04A5F-F949-4DCD-A147-EE844589D3E6}.Release|Mixed Platforms.Build.0 = Release|Win32
		{72E04A5F-F949-4DCD-A147-EE844589D3E6}.Release|Win32.ActiveCfg = Release|Win32
		{72E04A5F-F949-4DCD-A147-EE844589D3E6}.Release|Win32.Build.0 = Release|Win32
		{72E04A5F-F949-4DCD-A147-EE844589D3E6}.Release|x86.ActiveCfg = Release|Win32
		{FD2A5510-7D88-4A92-895D-53FD3E30A6D9}.Debug|Any CPU.ActiveCfg = Debug|Win32
		{FD2A5510-7D88-4A92-895D-53FD3E30A6D9}.Debug|Mixed Platforms.ActiveCfg = Debug|Win32
		{FD2A5510-7D88-4A92-895D-53FD3E30A6D9}.Debug|Mixed Platforms.Build.0 = Debug|Win32
		{FD2A5510-7D88-4A92-895D-53FD3E30A6D9}.Debug|Win32.ActiveCfg = Debug|Win32
		{FD2A5510-7D88-4A92-895D-53FD3E30A6D9}.Debug|x86.ActiveCfg = Debug|Win32
		{FD2A5510-7D88-4A92-895D-53FD3E30A6D9}.Final|Any CPU.ActiveCfg = Release|Win32
		{FD2A5510-7D88-4A92-895D-53FD3E30A6D9}.Final|Mixed Platforms.ActiveCfg = Release|Win32
		{FD2A5510-7D88-4A92-895D-53FD3E30A6D9}.Final|Mixed Platforms.Build.0 = Release|Win32
		{FD2A5510-7D88-4A92-895D-53FD3E30A6D9}.Final|Win32.ActiveCfg = Release|Win32
		{FD2A5510-7D88-4A92-895D-53FD3E30A6D9}.Final|Win32.Build.0 = Release|Win32
		{FD2A5510-7D88-4A92-895D-53FD3E30A6D9}.Final|x86.ActiveCfg = Release|Win32
		{FD2A5510-7D88-4A92-895D-53FD3E30A6D9}.Release|Any CPU.ActiveCfg = Release|Win32
		{FD2A5510-7D88-4A92-895D-53FD3E30A6D9}.Release|Mixed Platforms.ActiveCfg = Release|Win32
		{FD2A5510-7D88-4A92-895D-53FD3E30A6D9}.Release|Mixed Platforms.Build.0 = Release|Win32
		{FD2A5510-7D88-4A92-895D-53FD3E30A6D9}.Release|Win32.ActiveCfg = Release|Win32
		{FD2A5510-7D88-4A92-895D-53FD3E30A6D9}.Release|Win32.Build.0 = Release|Win32
		{FD2A5510-7D88-4A92-895D-53FD3E30A6D9}.Release|x86.ActiveCfg = Release|Win32
		{EE1842E2-BC1C-4428-BC26-45F974D34F5D}.Debug|Any CPU.ActiveCfg = Debug|Win32
		{EE1842E2-BC1C-4428-BC26-45F974D34F5D}.Debug|Mixed Platforms.ActiveCfg = Debug|Win32
		{EE1842E2-BC1C-4428-BC26-45F974D34F5D}.Debug|Mixed Platforms.Build.0 = Debug|Win32
		{EE1842E2-BC1C-4428-BC26-45F974D34F5D}.Debug|Win32.ActiveCfg = Debug|Win32
		{EE1842E2-BC1C-4428-BC26-45F974D34F5D}.Debug|Win32.Build.0 = Debug|Win32
		{EE1842E2-BC1C-4428-BC26-45F974D34F5D}.Debug|x86.ActiveCfg = Debug|Win32
		{EE1842E2-BC1C-4428-BC26-45F974D34F5D}.Final|Any CPU.ActiveCfg = Release|Win32
		{EE1842E2-BC1C-4428-BC26-45F974D34F5D}.Final|Mixed Platforms.ActiveCfg = Release|Win32
		{EE1842E2-BC1C-4428-BC26-45F974D34F5D}.Final|Mixed Platforms.Build.0 = Release|Win32
		{EE1842E2-BC1C-4428-BC26-45F974D34F5D}.Final|Win32.ActiveCfg = Release|Win32
		{EE1842E2-BC1C-4428-BC26-45F974D34F5D}.Final|Win32.Build.0 = Release|Win32
		{EE1842E2-BC1C-4428-BC26-45F974D34F5D}.Final|x86.ActiveCfg = Release|Win32
		{EE1842E2-BC1C-4428-BC26-45F974D34F5D}.Release|Any CPU.ActiveCfg = Release|Win32
		{EE1842E2-BC1C-4428-BC26-45F974D34F5D}.Release|Mixed Platforms.ActiveCfg = Release|Win32
		{EE1842E2-BC1C-4428-BC26-45F974D34F5D}.Release|Mixed Platforms.Build.0 = Release|Win32
		{EE1842E2-BC1C-4428-BC26-45F974D34F5D}.Release|Win32.ActiveCfg = Release|Win32
		{EE1842E2-BC1C-4428-BC26-45F974D34F5D}.Release|Win32.Build.0 = Release|Win32
		{EE1842E2-BC1C-4428-BC26-45F974D34F5D}.Release|x86.ActiveCfg = Release|Win32
		{C3C545E3-7CC2-443B-8630-60C743B78D40}.Debug|Any CPU.ActiveCfg = Debug|Win32
		{C3C545E3-7CC2-443B-8630-60C743B78D40}.Debug|Mixed Platforms.ActiveCfg = Debug|Win32
		{C3C545E3-7CC2-443B-8630-60C743B78D40}.Debug|Mixed Platforms.Build.0 = Debug|Win32
		{C3C545E3-7CC2-443B-8630-60C743B78D40}.Debug|Win32.ActiveCfg = Debug|Win32
		{C3C545E3-7CC2-443B-8630-60C743B78D40}.Debug|Win32.Build.0 = Debug|Win32
		{C3C545E3-7CC2-443B-8630-60C743B78D40}.Debug|x86.ActiveCfg = Debug|Win32
		{C3C545E3-7CC2-443B-8630-60C743B78D40}.Final|Any CPU.ActiveCfg = Release|Win32
		{C3C545E3-7CC2-443B-8630-60C743B78D40}.Final|Mixed Platforms.ActiveCfg = Release|Win32
		{C3C545E3-7CC2-443B-8630-60C743B78D40}.Final|Mixed Platforms.Build.0 = Release|Win32
		{C3C545E3-7CC2-443B-8630-60C743B78D40}.Final|Win32.ActiveCfg = Release|Win32
		{C3C545E3-7CC2-443B-8630-60C743B78D40}.Final|Win32.Build.0 = Release|Win32
		{C3C545E3-7CC2-443B-8630-60C743B78D40}.Final|x86.ActiveCfg = Release|Win32
		{C3C545E3-7CC2-443B-8630-60C743B78D40}.Release|Any CPU.ActiveCfg = Release|Win32
		{C3C545E3-7CC2-443B-8630-60C743B78D40}.Release|Mixed Platforms.ActiveCfg = Release|Win32
		{C3C545E3-7CC2-443B-8630-60C743B78D40}.Release|Mixed Platforms.Build.0 = Release|Win32
		{C3C545E3-7CC2-443B-8630-60C743B78D40}.Release|Win32.ActiveCfg = Release|Win32
		{C3C545E3-7CC2-443B-8630-60C743B78D40}.Release|Win32.Build.0 = Release|Win32
		{C3C545E3-7CC2-443B-8630-60C743B78D40}.Release|x86.ActiveCfg = Release|Win32
		{21C5F776-73E3-4402-8341-4D49C53DF874}.Debug|Any CPU.ActiveCfg = Debug|Win32
		{21C5F776-73E3-4402-8341-4D49C53DF874}.Debug|Mixed Platforms.ActiveCfg = Debug|Win32
		{21C5F776-73E3-4402-8341-4D49C53DF874}.Debug|Mixed Platforms.Build.0 = Debug|Win32
		{21C5F776-73E3-4402-8341-4D49C53DF874}.Debug|Win32.ActiveCfg = Debug|Win32
		{21C5F776-73E3-4402-8341-4D49C53DF874}.Debug|Win32.Build.0 = Debug|Win32
		{21C5F776-73E3-4402-8341-4D49C53DF874}.Debug|x86.ActiveCfg = Debug|Win32
		{21C5F776-73E3-4402-8341-4D49C53DF874}.Final|Any CPU.ActiveCfg = Release|Win32
		{21C5F776-73E3-4402-8341-4D49C53DF874}.Final|Mixed Platforms.ActiveCfg = Release|Win32
		{21C5F776-73E3-4402-8341-4D49C53DF874}.Final|Mixed Platforms.Build.0 = Release|Win32
		{21C5F776-73E3-4402-8341-4D49C53DF874}.Final|Win32.ActiveCfg = Release|Win32
		{21C5F776-73E3-4402-8341-4D49C53DF874}.Final|Win32.Build.0 = Release|Win32
		{21C5F776-73E3-4402-8341-4D49C53DF874}.Final|x86.ActiveCfg = Release|Win32
		{21C5F776-73E3-4402-8341-4D49C53DF874}.Release|Any CPU.ActiveCfg = Release|Win32
		{21C5F776-73E3-4402-8341-4D49C53DF874}.Release|Mixed Platforms.ActiveCfg = Release|Win32
		{21C5F776-73E3-4402-8341-4D49C53DF874}.Release|Mixed Platforms.Build.0 = Release|Win32
		{21C5F776-73E3-4402-8341-4D49C53DF874}.Release|Win32.ActiveCfg = Release|Win32
		{21C5F776-73E3-4402-8341-4D49C53DF874}.Release|Win32.Build.0 = Release|Win32
		{21C5F776-73E3-4402-8341-4D49C53DF874}.Release|x86.ActiveCfg = Release|Win32
		{8FDACDCA-59B6-4AE9-B024-4BEDAABB1C96}.Debug|Any CPU.ActiveCfg = Debug|Win32
		{8FDACDCA-59B6-4AE9-B024-4BEDAABB1C96}.Debug|Mixed Platforms.ActiveCfg = Debug|Win32
		{8FDACDCA-59B6-4AE9-B024-4BEDAABB1C96}.Debug|Mixed Platforms.Build.0 = Debug|Win32
		{8FDACDCA-59B6-4AE9-B024-4BEDAABB1C96}.Debug|Win32.ActiveCfg = Debug|Win32
		{8FDACDCA-59B6-4AE9-B024-4BEDAABB1C96}.Debug|Win32.Build.0 = Debug|Win32
		{8FDACDCA-59B6-4AE9-B024-4BEDAABB1C96}.Debug|x86.ActiveCfg = Debug|Win32
		{8FDACDCA-59B6-4AE9-B024-4BEDAABB1C96}.Final|Any CPU.ActiveCfg = Final|Win32
		{8FDACDCA-59B6-4AE9-B024-4BEDAABB1C96}.Final|Mixed Platforms.ActiveCfg = Final|Win32
		{8FDACDCA-59B6-4AE9-B024-4BEDAABB1C96}.Final|Mixed Platforms.Build.0 = Final|Win32
		{8FDACDCA-59B6-4AE9-B024-4BEDAABB1C96}.Final|Win32.ActiveCfg = Final|Win32
		{8FDACDCA-59B6-4AE9-B024-4BEDAABB1C96}.Final|Win32.Build.0 = Final|Win32
		{8FDACDCA-59B6-4AE9-B024-4BEDAABB1C96}.Final|x86.ActiveCfg = Final|Win32
		{8FDACDCA-59B6-4AE9-B024-4BEDAABB1C96}.Release|Any CPU.ActiveCfg = Release|Win32
		{8FDACDCA-59B6-4AE9-B024-4BEDAABB1C96}.Release|Mixed Platforms.ActiveCfg = Release|Win32
		{8FDACDCA-59B6-4AE9-B024-4BEDAABB1C96}.Release|Mixed Platforms.Build.0 = Release|Win32
		{8FDACDCA-59B6-4AE9-B024-4BEDAABB1C96}.Release|Win32.ActiveCfg = Release|Win32
		{8FDACDCA-59B6-4AE9-B024-4BEDAABB1C96}.Release|Win32.Build.0 = Release|Win32
		{8FDACDCA-59B6-4AE9-B024-4BEDAABB1C96}.Release|x86.ActiveCfg = Release|Win32
		{69434B3B-BAF1-4BF6-AD0B-8A400FD370CC}.Debug|Any CPU.ActiveCfg = Debug|Win32
		{69434B3B-BAF1-4BF6-AD0B-8A400FD370CC}.Debug|Mixed Platforms.ActiveCfg = Debug|Win32
		{69434B3B-BAF1-4BF6-AD0B-8A400FD370CC}.Debug|Mixed Platforms.Build.0 = Debug|Win32
		{69434B3B-BAF1-4BF6-AD0B-8A400FD370CC}.Debug|Win32.ActiveCfg = Debug|Win32
		{69434B3B-BAF1-4BF6-AD0B-8A400FD370CC}.Debug|Win32.Build.0 = Debug|Win32
		{69434B3B-BAF1-4BF6-AD0B-8A400FD370CC}.Debug|x86.ActiveCfg = Debug|Win32
		{69434B3B-BAF1-4BF6-AD0B-8A400FD370CC}.Final|Any CPU.ActiveCfg = Release|Win32
		{69434B3B-BAF1-4BF6-AD0B-8A400FD370CC}.Final|Mixed Platforms.ActiveCfg = Release|Win32
		{69434B3B-BAF1-4BF6-AD0B-8A400FD370CC}.Final|Mixed Platforms.Build.0 = Release|Win32
		{69434B3B-BAF1-4BF6-AD0B-8A400FD370CC}.Final|Win32.ActiveCfg = Release|Win32
		{69434B3B-BAF1-4BF6-AD0B-8A400FD370CC}.Final|Win32.Build.0 = Release|Win32
		{69434B3B-BAF1-4BF6-AD0B-8A400FD370CC}.Final|x86.ActiveCfg = Release|Win32
		{69434B3B-BAF1-4BF6-AD0B-8A400FD370CC}.Release|Any CPU.ActiveCfg = Release|Win32
		{69434B3B-BAF1-4BF6-AD0B-8A400FD370CC}.Release|Mixed Platforms.ActiveCfg = Release|Win32
		{69434B3B-BAF1-4BF6-AD0B-8A400FD370CC}.Release|Mixed Platforms.Build.0 = Release|Win32
		{69434B3B-BAF1-4BF6-AD0B-8A400FD370CC}.Release|Win32.ActiveCfg = Release|Win32
		{69434B3B-BAF1-4BF6-AD0B-8A400FD370CC}.Release|Win32.Build.0 = Release|Win32
		{69434B3B-BAF1-4BF6-AD0B-8A400FD370CC}.Release|x86.ActiveCfg = Release|Win32
		{E7B867AD-B8C7-4BCD-B149-126DBE850403}.Debug|Any CPU.ActiveCfg = Debug|Win32
		{E7B867AD-B8C7-4BCD-B149-126DBE850403}.Debug|Mixed Platforms.ActiveCfg = Debug|Win32
		{E7B867AD-B8C7-4BCD-B149-126DBE850403}.Debug|Mixed Platforms.Build.0 = Debug|Win32
		{E7B867AD-B8C7-4BCD-B149-126DBE850403}.Debug|Win32.ActiveCfg = Debug|Win32
		{E7B867AD-B8C7-4BCD-B149-126DBE850403}.Debug|Win32.Build.0 = Debug|Win32
		{E7B867AD-B8C7-4BCD-B149-126DBE850403}.Debug|x86.ActiveCfg = Debug|Win32
		{E7B867AD-B8C7-4BCD-B149-126DBE850403}.Final|Any CPU.ActiveCfg = Final|Win32
		{E7B867AD-B8C7-4BCD-B149-126DBE850403}.Final|Mixed Platforms.ActiveCfg = Final|Win32
		{E7B867AD-B8C7-4BCD-B149-126DBE850403}.Final|Mixed Platforms.Build.0 = Final|Win32
		{E7B867AD-B8C7-4BCD-B149-126DBE850403}.Final|Win32.ActiveCfg = Final|Win32
		{E7B867AD-B8C7-4BCD-B149-126DBE850403}.Final|Win32.Build.0 = Final|Win32
		{E7B867AD-B8C7-4BCD-B149-126DBE850403}.Final|x86.ActiveCfg = Final|Win32
		{E7B867AD-B8C7-4BCD-B149-126DBE850403}.Release|Any CPU.ActiveCfg = Release|Win32
		{E7B867AD-B8C7-4BCD-B149-126DBE850403}.Release|Mixed Platforms.ActiveCfg = Release|Win32
		{E7B867AD-B8C7-4BCD-B149-126DBE850403}.Release|Mixed Platforms.Build.0 = Release|Win32
		{E7B867AD-B8C7-4BCD-B149-126DBE850403}.Release|Win32.ActiveCfg = Release|Win32
		{E7B867AD-B8C7-4BCD-B149-126DBE850403}.Release|Win32.Build.0 = Release|Win32
		{E7B867AD-B8C7-4BCD-B149-126DBE850403}.Release|x86.ActiveCfg = Release|Win32
		{33202FD2-AF38-428F-A6CD-AD359AC82F0D}.Debug|Any CPU.ActiveCfg = Debug|Win32
		{33202FD2-AF38-428F-A6CD-AD359AC82F0D}.Debug|Mixed Platforms.ActiveCfg = Debug|Win32
		{33202FD2-AF38-428F-A6CD-AD359AC82F0D}.Debug|Mixed Platforms.Build.0 = Debug|Win32
		{33202FD2-AF38-428F-A6CD-AD359AC82F0D}.Debug|Win32.ActiveCfg = Debug|Win32
		{33202FD2-AF38-428F-A6CD-AD359AC82F0D}.Debug|Win32.Build.0 = Debug|Win32
		{33202FD2-AF38-428F-A6CD-AD359AC82F0D}.Debug|x86.ActiveCfg = Debug|Win32
		{33202FD2-AF38-428F-A6CD-AD359AC82F0D}.Final|Any CPU.ActiveCfg = Release|Win32
		{33202FD2-AF38-428F-A6CD-AD359AC82F0D}.Final|Mixed Platforms.ActiveCfg = Release|Win32
		{33202FD2-AF38-428F-A6CD-AD359AC82F0D}.Final|Mixed Platforms.Build.0 = Release|Win32
		{33202FD2-AF38-428F-A6CD-AD359AC82F0D}.Final|Win32.ActiveCfg = Release|Win32
		{33202FD2-AF38-428F-A6CD-AD359AC82F0D}.Final|Win32.Build.0 = Release|Win32
		{33202FD2-AF38-428F-A6CD-AD359AC82F0D}.Final|x86.ActiveCfg = Release|Win32
		{33202FD2-AF38-428F-A6CD-AD359AC82F0D}.Release|Any CPU.ActiveCfg = Release|Win32
		{33202FD2-AF38-428F-A6CD-AD359AC82F0D}.Release|Mixed Platforms.ActiveCfg = Release|Win32
		{33202FD2-AF38-428F-A6CD-AD359AC82F0D}.Release|Mixed Platforms.Build.0 = Release|Win32
		{33202FD2-AF38-428F-A6CD-AD359AC82F0D}.Release|Win32.ActiveCfg = Release|Win32
		{33202FD2-AF38-428F-A6CD-AD359AC82F0D}.Release|Win32.Build.0 = Release|Win32
		{33202FD2-AF38-428F-A6CD-AD359AC82F0D}.Release|x86.ActiveCfg = Release|Win32
		{2CCD73E3-1B11-4252-BF33-FDF518CCD1B6}.Debug|Any CPU.ActiveCfg = Debug|Win32
		{2CCD73E3-1B11-4252-BF33-FDF518CCD1B6}.Debug|Mixed Platforms.ActiveCfg = Debug|Win32
		{2CCD73E3-1B11-4252-BF33-FDF518CCD1B6}.Debug|Mixed Platforms.Build.0 = Debug|Win32
		{2CCD73E3-1B11-4252-BF33-FDF518CCD1B6}.Debug|Win32.ActiveCfg = Debug|Win32
		{2CCD73E3-1B11-4252-BF33-FDF518CCD1B6}.Debug|Win32.Build.0 = Debug|Win32
		{2CCD73E3-1B11-4252-BF33-FDF518CCD1B6}.Debug|x86.ActiveCfg = Debug|Win32
		{2CCD73E3-1B11-4252-BF33-FDF518CCD1B6}.Final|Any CPU.ActiveCfg = Release|Win32
		{2CCD73E3-1B11-4252-BF33-FDF518CCD1B6}.Final|Mixed Platforms.ActiveCfg = Release|Win32
		{2CCD73E3-1B11-4252-BF33-FDF518CCD1B6}.Final|Mixed Platforms.Build.0 = Release|Win32
		{2CCD73E3-1B11-4252-BF33-FDF518CCD1B6}.Final|Win32.ActiveCfg = Release|Win32
		{2CCD73E3-1B11-4252-BF33-FDF518CCD1B6}.Final|Win32.Build.0 = Release|Win32
		{2CCD73E3-1B11-4252-BF33-FDF518CCD1B6}.Final|x86.ActiveCfg = Release|Win32
		{2CCD73E3-1B11-4252-BF33-FDF518CCD1B6}.Release|Any CPU.ActiveCfg = Release|Win32
		{2CCD73E3-1B11-4252-BF33-FDF518CCD1B6}.Release|Mixed Platforms.ActiveCfg = Release|Win32
		{2CCD73E3-1B11-4252-BF33-FDF518CCD1B6}.Release|Mixed Platforms.Build.0 = Release|Win32
		{2CCD73E3-1B11-4252-BF33-FDF518CCD1B6}.Release|Win32.ActiveCfg = Release|Win32
		{2CCD73E3-1B11-4252-BF33-FDF518CCD1B6}.Release|Win32.Build.0 = Release|Win32
		{2CCD73E3-1B11-4252-BF33-FDF518CCD1B6}.Release|x86.ActiveCfg = Release|Win32
		{9A4527CA-B62A-48B3-B410-9EEC9E73A637}.Debug|Any CPU.ActiveCfg = Debug|Win32
		{9A4527CA-B62A-48B3-B410-9EEC9E73A637}.Debug|Mixed Platforms.ActiveCfg = Debug|Win32
		{9A4527CA-B62A-48B3-B410-9EEC9E73A637}.Debug|Mixed Platforms.Build.0 = Debug|Win32
		{9A4527CA-B62A-48B3-B410-9EEC9E73A637}.Debug|Win32.ActiveCfg = Debug|Win32
		{9A4527CA-B62A-48B3-B410-9EEC9E73A637}.Debug|Win32.Build.0 = Debug|Win32
		{9A4527CA-B62A-48B3-B410-9EEC9E73A637}.Debug|x86.ActiveCfg = Debug|Win32
		{9A4527CA-B62A-48B3-B410-9EEC9E73A637}.Final|Any CPU.ActiveCfg = Release|Win32
		{9A4527CA-B62A-48B3-B410-9EEC9E73A637}.Final|Mixed Platforms.ActiveCfg = Release|Win32
		{9A4527CA-B62A-48B3-B410-9EEC9E73A637}.Final|Mixed Platforms.Build.0 = Release|Win32
		{9A4527CA-B62A-48B3-B410-9EEC9E73A637}.Final|Win32.ActiveCfg = Release|Win32
		{9A4527CA-B62A-48B3-B410-9EEC9E73A637}.Final|Win32.Build.0 = Release|Win32
		{9A4527CA-B62A-48B3-B410-9EEC9E73A637}.Final|x86.ActiveCfg = Release|Win32
		{9A4527CA-B62A-48B3-B410-9EEC9E73A637}.Release|Any CPU.ActiveCfg = Release|Win32
		{9A4527CA-B62A-48B3-B410-9EEC9E73A637}.Release|Mixed Platforms.ActiveCfg = Release|Win32
		{9A4527CA-B62A-48B3-B410-9EEC9E73A637}.Release|Mixed Platforms.Build.0 = Release|Win32
		{9A4527CA-B62A-48B3-B410-9EEC9E73A637}.Release|Win32.ActiveCfg = Release|Win32
		{9A4527CA-B62A-48B3-B410-9EEC9E73A637}.Release|Win32.Build.0 = Release|Win32
		{9A4527CA-B62A-48B3-B410-9EEC9E73A637}.Release|x86.ActiveCfg = Release|Win32
		{E658F23F-9DEB-454A-955F-C0E5A4976854}.Debug|Any CPU.ActiveCfg = Debug|Win32
		{E658F23F-9DEB-454A-955F-C0E5A4976854}.Debug|Mixed Platforms.ActiveCfg = Debug|Win32
		{E658F23F-9DEB-454A-955F-C0E5A4976854}.Debug|Mixed Platforms.Build.0 = Debug|Win32
		{E658F23F-9DEB-454A-955F-C0E5A4976854}.Debug|Win32.ActiveCfg = Debug|Win32
		{E658F23F-9DEB-454A-955F-C0E5A4976854}.Debug|Win32.Build.0 = Debug|Win32
		{E658F23F-9DEB-454A-955F-C0E5A4976854}.Debug|x86.ActiveCfg = Debug|Win32
		{E658F23F-9DEB-454A-955F-C0E5A4976854}.Final|Any CPU.ActiveCfg = Release|Win32
		{E658F23F-9DEB-454A-955F-C0E5A4976854}.Final|Mixed Platforms.ActiveCfg = Release|Win32
		{E658F23F-9DEB-454A-955F-C0E5A4976854}.Final|Mixed Platforms.Build.0 = Release|Win32
		{E658F23F-9DEB-454A-955F-C0E5A4976854}.Final|Win32.ActiveCfg = Release|Win32
		{E658F23F-9DEB-454A-955F-C0E5A4976854}.Final|Win32.Build.0 = Release|Win32
		{E658F23F-9DEB-454A-955F-C0E5A4976854}.Final|x86.ActiveCfg = Release|Win32
		{E658F23F-9DEB-454A-955F-C0E5A4976854}.Release|Any CPU.ActiveCfg = Release|Win32
		{E658F23F-9DEB-454A-955F-C0E5A4976854}.Release|Mixed Platforms.ActiveCfg = Release|Win32
		{E658F23F-9DEB-454A-955F-C0E5A4976854}.Release|Mixed Platforms.Build.0 = Release|Win32
		{E658F23F-9DEB-454A-955F-C0E5A4976854}.Release|Win32.ActiveCfg = Release|Win32
		{E658F23F-9DEB-454A-955F-C0E5A4976854}.Release|Win32.Build.0 = Release|Win32
		{E658F23F-9DEB-454A-955F-C0E5A4976854}.Release|x86.ActiveCfg = Release|Win32
		{1D031867-3CFB-4160-AF51-F3E84ECB2576}.Debug|Any CPU.ActiveCfg = Debug|Win32
		{1D031867-3CFB-4160-AF51-F3E84ECB2576}.Debug|Mixed Platforms.ActiveCfg = Debug|Win32
		{1D031867-3CFB-4160-AF51-F3E84ECB2576}.Debug|Mixed Platforms.Build.0 = Debug|Win32
		{1D031867-3CFB-4160-AF51-F3E84ECB2576}.Debug|Win32.ActiveCfg = Debug|Win32
		{1D031867-3CFB-4160-AF51-F3E84ECB2576}.Debug|Win32.Build.0 = Debug|Win32
		{1D031867-3CFB-4160-AF51-F3E84ECB2576}.Debug|x86.ActiveCfg = Debug|Win32
		{1D031867-3CFB-4160-AF51-F3E84ECB2576}.Final|Any CPU.ActiveCfg = Release|Win32
		{1D031867-3CFB-4160-AF51-F3E84ECB2576}.Final|Mixed Platforms.ActiveCfg = Release|Win32
		{1D031867-3CFB-4160-AF51-F3E84ECB2576}.Final|Mixed Platforms.Build.0 = Release|Win32
		{1D031867-3CFB-4160-AF51-F3E84ECB2576}.Final|Win32.ActiveCfg = Release|Win32
		{1D031867-3CFB-4160-AF51-F3E84ECB2576}.Final|Win32.Build.0 = Release|Win32
		{1D031867-3CFB-4160-AF51-F3E84ECB2576}.Final|x86.ActiveCfg = Release|Win32
		{1D031867-3CFB-4160-AF51-F3E84ECB2576}.Release|Any CPU.ActiveCfg = Release|Win32
		{1D031867-3CFB-4160-AF51-F3E84ECB2576}.Release|Mixed Platforms.ActiveCfg = Release|Win32
		{1D031867-3CFB-4160-AF51-F3E84ECB2576}.Release|Mixed Platforms.Build.0 = Release|Win32
		{1D031867-3CFB-4160-AF51-F3E84ECB2576}.Release|Win32.ActiveCfg = Release|Win32
		{1D031867-3CFB-4160-AF51-F3E84ECB2576}.Release|Win32.Build.0 = Release|Win32
		{1D031867-3CFB-4160-AF51-F3E84ECB2576}.Release|x86.ActiveCfg = Release|Win32
		{967706E8-422D-47C9-B623-D3AFC6C14FB1}.Debug|Any CPU.ActiveCfg = Debug|Win32
		{967706E8-422D-47C9-B623-D3AFC6C14FB1}.Debug|Mixed Platforms.ActiveCfg = Debug|Win32
		{967706E8-422D-47C9-B623-D3AFC6C14FB1}.Debug|Mixed Platforms.Build.0 = Debug|Win32
		{967706E8-422D-47C9-B623-D3AFC6C14FB1}.Debug|Win32.ActiveCfg = Debug|Win32
		{967706E8-422D-47C9-B623-D3AFC6C14FB1}.Debug|Win32.Build.0 = Debug|Win32
		{967706E8-422D-47C9-B623-D3AFC6C14FB1}.Debug|x86.ActiveCfg = Debug|Win32
		{967706E8-422D-47C9-B623-D3AFC6C14FB1}.Final|Any CPU.ActiveCfg = Release|Win32
		{967706E8-422D-47C9-B623-D3AFC6C14FB1}.Final|Mixed Platforms.ActiveCfg = Release|Win32
		{967706E8-422D-47C9-B623-D3AFC6C14FB1}.Final|Mixed Platforms.Build.0 = Release|Win32
		{967706E8-422D-47C9-B623-D3AFC6C14FB1}.Final|Win32.ActiveCfg = Release|Win32
		{967706E8-422D-47C9-B623-D3AFC6C14FB1}.Final|Win32.Build.0 = Release|Win32
		{967706E8-422D-47C9-B623-D3AFC6C14FB1}.Final|x86.ActiveCfg = Release|Win32
		{967706E8-422D-47C9-B623-D3AFC6C14FB1}.Release|Any CPU.ActiveCfg = Release|Win32
		{967706E8-422D-47C9-B623-D3AFC6C14FB1}.Release|Mixed Platforms.ActiveCfg = Release|Win32
		{967706E8-422D-47C9-B623-D3AFC6C14FB1}.Release|Mixed Platforms.Build.0 = Release|Win32
		{967706E8-422D-47C9-B623-D3AFC6C14FB1}.Release|Win32.ActiveCfg = Release|Win32
		{967706E8-422D-47C9-B623-D3AFC6C14FB1}.Release|Win32.Build.0 = Release|Win32
		{967706E8-422D-47C9-B623-D3AFC6C14FB1}.Release|x86.ActiveCfg = Release|Win32
		{7429876C-1C68-411E-8DB7-6C88F49F9104}.Debug|Any CPU.ActiveCfg = Debug|Win32
		{7429876C-1C68-411E-8DB7-6C88F49F9104}.Debug|Mixed Platforms.ActiveCfg = Debug|Win32
		{7429876C-1C68-411E-8DB7-6C88F49F9104}.Debug|Mixed Platforms.Build.0 = Debug|Win32
		{7429876C-1C68-411E-8DB7-6C88F49F9104}.Debug|Win32.ActiveCfg = Debug|Win32
		{7429876C-1C68-411E-8DB7-6C88F49F9104}.Debug|Win32.Build.0 = Debug|Win32
		{7429876C-1C68-411E-8DB7-6C88F49F9104}.Debug|x86.ActiveCfg = Debug|Win32
		{7429876C-1C68-411E-8DB7-6C88F49F9104}.Final|Any CPU.ActiveCfg = Release|Win32
		{7429876C-1C68-411E-8DB7-6C88F49F9104}.Final|Mixed Platforms.ActiveCfg = Release|Win32
		{7429876C-1C68-411E-8DB7-6C88F49F9104}.Final|Mixed Platforms.Build.0 = Release|Win32
		{7429876C-1C68-411E-8DB7-6C88F49F9104}.Final|Win32.ActiveCfg = Release|Win32
		{7429876C-1C68-411E-8DB7-6C88F49F9104}.Final|Win32.Build.0 = Release|Win32
		{7429876C-1C68-411E-8DB7-6C88F49F9104}.Final|x86.ActiveCfg = Release|Win32
		{7429876C-1C68-411E-8DB7-6C88F49F9104}.Release|Any CPU.ActiveCfg = Release|Win32
		{7429876C-1C68-411E-8DB7-6C88F49F9104}.Release|Mixed Platforms.ActiveCfg = Release|Win32
		{7429876C-1C68-411E-8DB7-6C88F49F9104}.Release|Mixed Platforms.Build.0 = Release|Win32
		{7429876C-1C68-411E-8DB7-6C88F49F9104}.Release|Win32.ActiveCfg = Release|Win32
		{7429876C-1C68-411E-8DB7-6C88F49F9104}.Release|Win32.Build.0 = Release|Win32
		{7429876C-1C68-411E-8DB7-6C88F49F9104}.Release|x86.ActiveCfg = Release|Win32
		{AB47D26B-3ABD-4287-9361-D625DFFEC428}.Debug|Any CPU.ActiveCfg = Debug|Win32
		{AB47D26B-3ABD-4287-9361-D625DFFEC428}.Debug|Mixed Platforms.ActiveCfg = Debug|Win32
		{AB47D26B-3ABD-4287-9361-D625DFFEC428}.Debug|Mixed Platforms.Build.0 = Debug|Win32
		{AB47D26B-3ABD-4287-9361-D625DFFEC428}.Debug|Win32.ActiveCfg = Debug|Win32
		{AB47D26B-3ABD-4287-9361-D625DFFEC428}.Debug|Win32.Build.0 = Debug|Win32
		{AB47D26B-3ABD-4287-9361-D625DFFEC428}.Debug|x86.ActiveCfg = Debug|Win32
		{AB47D26B-3ABD-4287-9361-D625DFFEC428}.Final|Any CPU.ActiveCfg = Release|Win32
		{AB47D26B-3ABD-4287-9361-D625DFFEC428}.Final|Mixed Platforms.ActiveCfg = Release|Win32
		{AB47D26B-3ABD-4287-9361-D625DFFEC428}.Final|Mixed Platforms.Build.0 = Release|Win32
		{AB47D26B-3ABD-4287-9361-D625DFFEC428}.Final|Win32.ActiveCfg = Release|Win32
		{AB47D26B-3ABD-4287-9361-D625DFFEC428}.Final|Win32.Build.0 = Release|Win32
		{AB47D26B-3ABD-4287-9361-D625DFFEC428}.Final|x86.ActiveCfg = Release|Win32
		{AB47D26B-3ABD-4287-9361-D625DFFEC428}.Release|Any CPU.ActiveCfg = Release|Win32
		{AB47D26B-3ABD-4287-9361-D625DFFEC428}.Release|Mixed Platforms.ActiveCfg = Release|Win32
		{AB47D26B-3ABD-4287-9361-D625DFFEC428}.Release|Mixed Platforms.Build.0 = Release|Win32
		{AB47D26B-3ABD-4287-9361-D625DFFEC428}.Release|Win32.ActiveCfg = Release|Win32
		{AB47D26B-3ABD-4287-9361-D625DFFEC428}.Release|Win32.Build.0 = Release|Win32
		{AB47D26B-3ABD-4287-9361-D625DFFEC428}.Release|x86.ActiveCfg = Release|Win32
		{A6C8AE78-D043-4117-9F28-B9765985E05F}.Debug|Any CPU.ActiveCfg = Debug|Win32
		{A6C8AE78-D043-4117-9F28-B9765985E05F}.Debug|Mixed Platforms.ActiveCfg = Debug|Win32
		{A6C8AE78-D043-4117-9F28-B9765985E05F}.Debug|Mixed Platforms.Build.0 = Debug|Win32
		{A6C8AE78-D043-4117-9F28-B9765985E05F}.Debug|Win32.ActiveCfg = Debug|Win32
		{A6C8AE78-D043-4117-9F28-B9765985E05F}.Debug|Win32.Build.0 = Debug|Win32
		{A6C8AE78-D043-4117-9F28-B9765985E05F}.Debug|x86.ActiveCfg = Debug|Win32
		{A6C8AE78-D043-4117-9F28-B9765985E05F}.Final|Any CPU.ActiveCfg = Release|Win32
		{A6C8AE78-D043-4117-9F28-B9765985E05F}.Final|Mixed Platforms.ActiveCfg = Release|Win32
		{A6C8AE78-D043-4117-9F28-B9765985E05F}.Final|Mixed Platforms.Build.0 = Release|Win32
		{A6C8AE78-D043-4117-9F28-B9765985E05F}.Final|Win32.ActiveCfg = Release|Win32
		{A6C8AE78-D043-4117-9F28-B9765985E05F}.Final|Win32.Build.0 = Release|Win32
		{A6C8AE78-D043-4117-9F28-B9765985E05F}.Final|x86.ActiveCfg = Release|Win32
		{A6C8AE78-D043-4117-9F28-B9765985E05F}.Release|Any CPU.ActiveCfg = Release|Win32
		{A6C8AE78-D043-4117-9F28-B9765985E05F}.Release|Mixed Platforms.ActiveCfg = Release|Win32
		{A6C8AE78-D043-4117-9F28-B9765985E05F}.Release|Mixed Platforms.Build.0 = Release|Win32
		{A6C8AE78-D043-4117-9F28-B9765985E05F}.Release|Win32.ActiveCfg = Release|Win32
		{A6C8AE78-D043-4117-9F28-B9765985E05F}.Release|Win32.Build.0 = Release|Win32
		{A6C8AE78-D043-4117-9F28-B9765985E05F}.Release|x86.ActiveCfg = Release|Win32
		{20F1FB1E-EB56-4682-9459-C89F59714DA9}.Debug|Any CPU.ActiveCfg = Debug|Win32
		{20F1FB1E-EB56-4682-9459-C89F59714DA9}.Debug|Mixed Platforms.ActiveCfg = Debug|Win32
		{20F1FB1E-EB56-4682-9459-C89F59714DA9}.Debug|Mixed Platforms.Build.0 = Debug|Win32
		{20F1FB1E-EB56-4682-9459-C89F59714DA9}.Debug|Win32.ActiveCfg = Debug|Win32
		{20F1FB1E-EB56-4682-9459-C89F59714DA9}.Debug|Win32.Build.0 = Debug|Win32
		{20F1FB1E-EB56-4682-9459-C89F59714DA9}.Debug|x86.ActiveCfg = Debug|Win32
		{20F1FB1E-EB56-4682-9459-C89F59714DA9}.Final|Any CPU.ActiveCfg = Release|Win32
		{20F1FB1E-EB56-4682-9459-C89F59714DA9}.Final|Mixed Platforms.ActiveCfg = Release|Win32
		{20F1FB1E-EB56-4682-9459-C89F59714DA9}.Final|Mixed Platforms.Build.0 = Release|Win32
		{20F1FB1E-EB56-4682-9459-C89F59714DA9}.Final|Win32.ActiveCfg = Release|Win32
		{20F1FB1E-EB56-4682-9459-C89F59714DA9}.Final|Win32.Build.0 = Release|Win32
		{20F1FB1E-EB56-4682-9459-C89F59714DA9}.Final|x86.ActiveCfg = Release|Win32
		{20F1FB1E-EB56-4682-9459-C89F59714DA9}.Release|Any CPU.ActiveCfg = Release|Win32
		{20F1FB1E-EB56-4682-9459-C89F59714DA9}.Release|Mixed Platforms.ActiveCfg = Release|Win32
		{20F1FB1E-EB56-4682-9459-C89F59714DA9}.Release|Mixed Platforms.Build.0 = Release|Win32
		{20F1FB1E-EB56-4682-9459-C89F59714DA9}.Release|Win32.ActiveCfg = Release|Win32
		{20F1FB1E-EB56-4682-9459-C89F59714DA9}.Release|Win32.Build.0 = Release|Win32
		{20F1FB1E-EB56-4682-9459-C89F59714DA9}.Release|x86.ActiveCfg = Release|Win32
		{52E8E0D8-3AB7-4E17-930F-583A9CBBEB04}.Debug|Any CPU.ActiveCfg = Debug|Win32
		{52E8E0D8-3AB7-4E17-930F-583A9CBBEB04}.Debug|Mixed Platforms.ActiveCfg = Debug|Win32
		{52E8E0D8-3AB7-4E17-930F-583A9CBBEB04}.Debug|Mixed Platforms.Build.0 = Debug|Win32
		{52E8E0D8-3AB7-4E17-930F-583A9CBBEB04}.Debug|Win32.ActiveCfg = Debug|Win32
		{52E8E0D8-3AB7-4E17-930F-583A9CBBEB04}.Debug|Win32.Build.0 = Debug|Win32
		{52E8E0D8-3AB7-4E17-930F-583A9CBBEB04}.Debug|x86.ActiveCfg = Debug|Win32
		{52E8E0D8-3AB7-4E17-930F-583A9CBBEB04}.Final|Any CPU.ActiveCfg = Release|Win32
		{52E8E0D8-3AB7-4E17-930F-583A9CBBEB04}.Final|Mixed Platforms.ActiveCfg = Release|Win32
		{52E8E0D8-3AB7-4E17-930F-583A9CBBEB04}.Final|Mixed Platforms.Build.0 = Release|Win32
		{52E8E0D8-3AB7-4E17-930F-583A9CBBEB04}.Final|Win32.ActiveCfg = Release|Win32
		{52E8E0D8-3AB7-4E17-930F-583A9CBBEB04}.Final|Win32.Build.0 = Release|Win32
		{52E8E0D8-3AB7-4E17-930F-583A9CBBEB04}.Final|x86.ActiveCfg = Release|Win32
		{52E8E0D8-3AB7-4E17-930F-583A9CBBEB04}.Release|Any CPU.ActiveCfg = Release|Win32
		{52E8E0D8-3AB7-4E17-930F-583A9CBBEB04}.Release|Mixed Platforms.ActiveCfg = Release|Win32
		{52E8E0D8-3AB7-4E17-930F-583A9CBBEB04}.Release|Mixed Platforms.Build.0 = Release|Win32
		{52E8E0D8-3AB7-4E17-930F-583A9CBBEB04}.Release|Win32.ActiveCfg = Release|Win32
		{52E8E0D8-3AB7-4E17-930F-583A9CBBEB04}.Release|Win32.Build.0 = Release|Win32
		{52E8E0D8-3AB7-4E17-930F-583A9CBBEB04}.Release|x86.ActiveCfg = Release|Win32
		{BD8D9CB9-AA10-4724-8B1B-7133C1D502C4}.Debug|Any CPU.ActiveCfg = Debug|Win32
		{BD8D9CB9-AA10-4724-8B1B-7133C1D502C4}.Debug|Mixed Platforms.ActiveCfg = Debug|Win32
		{BD8D9CB9-AA10-4724-8B1B-7133C1D502C4}.Debug|Mixed Platforms.Build.0 = Debug|Win32
		{BD8D9CB9-AA10-4724-8B1B-7133C1D502C4}.Debug|Win32.ActiveCfg = Debug|Win32
		{BD8D9CB9-AA10-4724-8B1B-7133C1D502C4}.Debug|Win32.Build.0 = Debug|Win32
		{BD8D9CB9-AA10-4724-8B1B-7133C1D502C4}.Debug|x86.ActiveCfg = Debug|Win32
		{BD8D9CB9-AA10-4724-8B1B-7133C1D502C4}.Final|Any CPU.ActiveCfg = Release|Win32
		{BD8D9CB9-AA10-4724-8B1B-7133C1D502C4}.Final|Mixed Platforms.ActiveCfg = Release|Win32
		{BD8D9CB9-AA10-4724-8B1B-7133C1D502C4}.Final|Mixed Platforms.Build.0 = Release|Win32
		{BD8D9CB9-AA10-4724-8B1B-7133C1D502C4}.Final|Win32.ActiveCfg = Release|Win32
		{BD8D9CB9-AA10-4724-8B1B-7133C1D502C4}.Final|Win32.Build.0 = Release|Win32
		{BD8D9CB9-AA10-4724-8B1B-7133C1D502C4}.Final|x86.ActiveCfg = Release|Win32
		{BD8D9CB9-AA10-4724-8B1B-7133C1D502C4}.Release|Any CPU.ActiveCfg = Release|Win32
		{BD8D9CB9-AA10-4724-8B1B-7133C1D502C4}.Release|Mixed Platforms.ActiveCfg = Release|Win32
		{BD8D9CB9-AA10-4724-8B1B-7133C1D502C4}.Release|Mixed Platforms.Build.0 = Release|Win32
		{BD8D9CB9-AA10-4724-8B1B-7133C1D502C4}.Release|Win32.ActiveCfg = Release|Win32
		{BD8D9CB9-AA10-4724-8B1B-7133C1D502C4}.Release|Win32.Build.0 = Release|Win32
		{BD8D9CB9-AA10-4724-8B1B-7133C1D502C4}.Release|x86.ActiveCfg = Release|Win32
		{24612167-6761-4E10-8162-CCF8E0C97C09}.Debug|Any CPU.ActiveCfg = Debug|Win32
		{24612167-6761-4E10-8162-CCF8E0C97C09}.Debug|Mixed Platforms.ActiveCfg = Debug|Win32
		{24612167-6761-4E10-8162-CCF8E0C97C09}.Debug|Mixed Platforms.Build.0 = Debug|Win32
		{24612167-6761-4E10-8162-CCF8E0C97C09}.Debug|Win32.ActiveCfg = Debug|Win32
		{24612167-6761-4E10-8162-CCF8E0C97C09}.Debug|Win32.Build.0 = Debug|Win32
		{24612167-6761-4E10-8162-CCF8E0C97C09}.Debug|x86.ActiveCfg = Debug|Win32
		{24612167-6761-4E10-8162-CCF8E0C97C09}.Final|Any CPU.ActiveCfg = Release|Win32
		{24612167-6761-4E10-8162-CCF8E0C97C09}.Final|Mixed Platforms.ActiveCfg = Release|Win32
		{24612167-6761-4E10-8162-CCF8E0C97C09}.Final|Mixed Platforms.Build.0 = Release|Win32
		{24612167-6761-4E10-8162-CCF8E0C97C09}.Final|Win32.ActiveCfg = Release|Win32
		{24612167-6761-4E10-8162-CCF8E0C97C09}.Final|Win32.Build.0 = Release|Win32
		{24612167-6761-4E10-8162-CCF8E0C97C09}.Final|x86.ActiveCfg = Release|Win32
		{24612167-6761-4E10-8162-CCF8E0C97C09}.Release|Any CPU.ActiveCfg = Release|Win32
		{24612167-6761-4E10-8162-CCF8E0C97C09}.Release|Mixed Platforms.ActiveCfg = Release|Win32
		{24612167-6761-4E10-8162-CCF8E0C97C09}.Release|Mixed Platforms.Build.0 = Release|Win32
		{24612167-6761-4E10-8162-CCF8E0C97C09}.Release|Win32.ActiveCfg = Release|Win32
		{24612167-6761-4E10-8162-CCF8E0C97C09}.Release|Win32.Build.0 = Release|Win32
		{24612167-6761-4E10-8162-CCF8E0C97C09}.Release|x86.ActiveCfg = Release|Win32
		{755B72DB-7BB6-4311-92EE-449860F51288}.Debug|Any CPU.ActiveCfg = Debug|Win32
		{755B72DB-7BB6-4311-92EE-449860F51288}.Debug|Mixed Platforms.ActiveCfg = Debug|Win32
		{755B72DB-7BB6-4311-92EE-449860F51288}.Debug|Mixed Platforms.Build.0 = Debug|Win32
		{755B72DB-7BB6-4311-92EE-449860F51288}.Debug|Win32.ActiveCfg = Debug|Win32
		{755B72DB-7BB6-4311-92EE-449860F51288}.Debug|Win32.Build.0 = Debug|Win32
		{755B72DB-7BB6-4311-92EE-449860F51288}.Debug|x86.ActiveCfg = Debug|Win32
		{755B72DB-7BB6-4311-92EE-449860F51288}.Final|Any CPU.ActiveCfg = Release|Win32
		{755B72DB-7BB6-4311-92EE-449860F51288}.Final|Mixed Platforms.ActiveCfg = Release|Win32
		{755B72DB-7BB6-4311-92EE-449860F51288}.Final|Mixed Platforms.Build.0 = Release|Win32
		{755B72DB-7BB6-4311-92EE-449860F51288}.Final|Win32.ActiveCfg = Release|Win32
		{755B72DB-7BB6-4311-92EE-449860F51288}.Final|Win32.Build.0 = Release|Win32
		{755B72DB-7BB6-4311-92EE-449860F51288}.Final|x86.ActiveCfg = Release|Win32
		{755B72DB-7BB6-4311-92EE-449860F51288}.Release|Any CPU.ActiveCfg = Release|Win32
		{755B72DB-7BB6-4311-92EE-449860F51288}.Release|Mixed Platforms.ActiveCfg = Release|Win32
		{755B72DB-7BB6-4311-92EE-449860F51288}.Release|Mixed Platforms.Build.0 = Release|Win32
		{755B72DB-7BB6-4311-92EE-449860F51288}.Release|Win32.ActiveCfg = Release|Win32
		{755B72DB-7BB6-4311-92EE-449860F51288}.Release|Win32.Build.0 = Release|Win32
		{755B72DB-7BB6-4311-92EE-449860F51288}.Release|x86.ActiveCfg = Release|Win32
		{75782867-23A3-469D-B713-4C9D2A02897E}.Debug|Any CPU.ActiveCfg = Debug|Win32
		{75782867-23A3-469D-B713-4C9D2A02897E}.Debug|Mixed Platforms.ActiveCfg = Debug|Win32
		{75782867-23A3-469D-B713-4C9D2A02897E}.Debug|Mixed Platforms.Build.0 = Debug|Win32
		{75782867-23A3-469D-B713-4C9D2A02897E}.Debug|Win32.ActiveCfg = Debug|Win32
		{75782867-23A3-469D-B713-4C9D2A02897E}.Debug|Win32.Build.0 = Debug|Win32
		{75782867-23A3-469D-B713-4C9D2A02897E}.Debug|x86.ActiveCfg = Debug|Win32
		{75782867-23A3-469D-B713-4C9D2A02897E}.Final|Any CPU.ActiveCfg = Release|Win32
		{75782867-23A3-469D-B713-4C9D2A02897E}.Final|Mixed Platforms.ActiveCfg = Release|Win32
		{75782867-23A3-469D-B713-4C9D2A02897E}.Final|Mixed Platforms.Build.0 = Release|Win32
		{75782867-23A3-469D-B713-4C9D2A02897E}.Final|Win32.ActiveCfg = Release|Win32
		{75782867-23A3-469D-B713-4C9D2A02897E}.Final|Win32.Build.0 = Release|Win32
		{75782867-23A3-469D-B713-4C9D2A02897E}.Final|x86.ActiveCfg = Release|Win32
		{75782867-23A3-469D-B713-4C9D2A02897E}.Release|Any CPU.ActiveCfg = Release|Win32
		{75782867-23A3-469D-B713-4C9D2A02897E}.Release|Mixed Platforms.ActiveCfg = Release|Win32
		{75782867-23A3-469D-B713-4C9D2A02897E}.Release|Mixed Platforms.Build.0 = Release|Win32
		{75782867-23A3-469D-B713-4C9D2A02897E}.Release|Win32.ActiveCfg = Release|Win32
		{75782867-23A3-469D-B713-4C9D2A02897E}.Release|Win32.Build.0 = Release|Win32
		{75782867-23A3-469D-B713-4C9D2A02897E}.Release|x86.ActiveCfg = Release|Win32
		{03101E98-7366-42B4-82EE-3EAD2925A7D5}.Debug|Any CPU.ActiveCfg = Debug|Win32
		{03101E98-7366-42B4-82EE-3EAD2925A7D5}.Debug|Mixed Platforms.ActiveCfg = Debug|Win32
		{03101E98-7366-42B4-82EE-3EAD2925A7D5}.Debug|Mixed Platforms.Build.0 = Debug|Win32
		{03101E98-7366-42B4-82EE-3EAD2925A7D5}.Debug|Win32.ActiveCfg = Debug|Win32
		{03101E98-7366-42B4-82EE-3EAD2925A7D5}.Debug|Win32.Build.0 = Debug|Win32
		{03101E98-7366-42B4-82EE-3EAD2925A7D5}.Debug|x86.ActiveCfg = Debug|Win32
		{03101E98-7366-42B4-82EE-3EAD2925A7D5}.Final|Any CPU.ActiveCfg = Release|Win32
		{03101E98-7366-42B4-82EE-3EAD2925A7D5}.Final|Mixed Platforms.ActiveCfg = Release|Win32
		{03101E98-7366-42B4-82EE-3EAD2925A7D5}.Final|Mixed Platforms.Build.0 = Release|Win32
		{03101E98-7366-42B4-82EE-3EAD2925A7D5}.Final|Win32.ActiveCfg = Release|Win32
		{03101E98-7366-42B4-82EE-3EAD2925A7D5}.Final|Win32.Build.0 = Release|Win32
		{03101E98-7366-42B4-82EE-3EAD2925A7D5}.Final|x86.ActiveCfg = Release|Win32
		{03101E98-7366-42B4-82EE-3EAD2925A7D5}.Release|Any CPU.ActiveCfg = Release|Win32
		{03101E98-7366-42B4-82EE-3EAD2925A7D5}.Release|Mixed Platforms.ActiveCfg = Release|Win32
		{03101E98-7366-42B4-82EE-3EAD2925A7D5}.Release|Mixed Platforms.Build.0 = Release|Win32
		{03101E98-7366-42B4-82EE-3EAD2925A7D5}.Release|Win32.ActiveCfg = Release|Win32
		{03101E98-7366-42B4-82EE-3EAD2925A7D5}.Release|Win32.Build.0 = Release|Win32
		{03101E98-7366-42B4-82EE-3EAD2925A7D5}.Release|x86.ActiveCfg = Release|Win32
		{652E0312-1A0C-4615-A05A-FB5AC4881F2C}.Debug|Any CPU.ActiveCfg = Debug|Win32
		{652E0312-1A0C-4615-A05A-FB5AC4881F2C}.Debug|Mixed Platforms.ActiveCfg = Debug|Win32
		{652E0312-1A0C-4615-A05A-FB5AC4881F2C}.Debug|Mixed Platforms.Build.0 = Debug|Win32
		{652E0312-1A0C-4615-A05A-FB5AC4881F2C}.Debug|Win32.ActiveCfg = Debug|Win32
		{652E0312-1A0C-4615-A05A-FB5AC4881F2C}.Debug|Win32.Build.0 = Debug|Win32
		{652E0312-1A0C-4615-A05A-FB5AC4881F2C}.Debug|x86.ActiveCfg = Debug|Win32
		{652E0312-1A0C-4615-A05A-FB5AC4881F2C}.Final|Any CPU.ActiveCfg = Release|Win32
		{652E0312-1A0C-4615-A05A-FB5AC4881F2C}.Final|Mixed Platforms.ActiveCfg = Release|Win32
		{652E0312-1A0C-4615-A05A-FB5AC4881F2C}.Final|Mixed Platforms.Build.0 = Release|Win32
		{652E0312-1A0C-4615-A05A-FB5AC4881F2C}.Final|Win32.ActiveCfg = Release|Win32
		{652E0312-1A0C-4615-A05A-FB5AC4881F2C}.Final|Win32.Build.0 = Release|Win32
		{652E0312-1A0C-4615-A05A-FB5AC4881F2C}.Final|x86.ActiveCfg = Release|Win32
		{652E0312-1A0C-4615-A05A-FB5AC4881F2C}.Release|Any CPU.ActiveCfg = Release|Win32
		{652E0312-1A0C-4615-A05A-FB5AC4881F2C}.Release|Mixed Platforms.ActiveCfg = Release|Win32
		{652E0312-1A0C-4615-A05A-FB5AC4881F2C}.Release|Mixed Platforms.Build.0 = Release|Win32
		{652E0312-1A0C-4615-A05A-FB5AC4881F2C}.Release|Win32.ActiveCfg = Release|Win32
		{652E0312-1A0C-4615-A05A-FB5AC4881F2C}.Release|Win32.Build.0 = Release|Win32
		{652E0312-1A0C-4615-A05A-FB5AC4881F2C}.Release|x86.ActiveCfg = Release|Win32
		{EBE52D41-5D03-4976-816D-61117672F4B5}.Debug|Any CPU.ActiveCfg = Debug|Win32
		{EBE52D41-5D03-4976-816D-61117672F4B5}.Debug|Mixed Platforms.ActiveCfg = Debug|Win32
		{EBE52D41-5D03-4976-816D-61117672F4B5}.Debug|Mixed Platforms.Build.0 = Debug|Win32
		{EBE52D41-5D03-4976-816D-61117672F4B5}.Debug|Win32.ActiveCfg = Debug|Win32
		{EBE52D41-5D03-4976-816D-61117672F4B5}.Debug|Win32.Build.0 = Debug|Win32
		{EBE52D41-5D03-4976-816D-61117672F4B5}.Debug|x86.ActiveCfg = Debug|Win32
		{EBE52D41-5D03-4976-816D-61117672F4B5}.Final|Any CPU.ActiveCfg = Release|Win32
		{EBE52D41-5D03-4976-816D-61117672F4B5}.Final|Mixed Platforms.ActiveCfg = Release|Win32
		{EBE52D41-5D03-4976-816D-61117672F4B5}.Final|Mixed Platforms.Build.0 = Release|Win32
		{EBE52D41-5D03-4976-816D-61117672F4B5}.Final|Win32.ActiveCfg = Release|Win32
		{EBE52D41-5D03-4976-816D-61117672F4B5}.Final|Win32.Build.0 = Release|Win32
		{EBE52D41-5D03-4976-816D-61117672F4B5}.Final|x86.ActiveCfg = Release|Win32
		{EBE52D41-5D03-4976-816D-61117672F4B5}.Release|Any CPU.ActiveCfg = Release|Win32
		{EBE52D41-5D03-4976-816D-61117672F4B5}.Release|Mixed Platforms.ActiveCfg = Release|Win32
		{EBE52D41-5D03-4976-816D-61117672F4B5}.Release|Mixed Platforms.Build.0 = Release|Win32
		{EBE52D41-5D03-4976-816D-61117672F4B5}.Release|Win32.ActiveCfg = Release|Win32
		{EBE52D41-5D03-4976-816D-61117672F4B5}.Release|Win32.Build.0 = Release|Win32
		{EBE52D41-5D03-4976-816D-61117672F4B5}.Release|x86.ActiveCfg = Release|Win32
		{95845731-DA7C-4DE3-A503-AB02E7F82775}.Debug|Any CPU.ActiveCfg = Debug|Win32
		{95845731-DA7C-4DE3-A503-AB02E7F82775}.Debug|Mixed Platforms.ActiveCfg = Debug|Win32
		{95845731-DA7C-4DE3-A503-AB02E7F82775}.Debug|Mixed Platforms.Build.0 = Debug|Win32
		{95845731-DA7C-4DE3-A503-AB02E7F82775}.Debug|Win32.ActiveCfg = Debug|Win32
		{95845731-DA7C-4DE3-A503-AB02E7F82775}.Debug|Win32.Build.0 = Debug|Win32
		{95845731-DA7C-4DE3-A503-AB02E7F82775}.Debug|x86.ActiveCfg = Debug|Win32
		{95845731-DA7C-4DE3-A503-AB02E7F82775}.Final|Any CPU.ActiveCfg = Release|Win32
		{95845731-DA7C-4DE3-A503-AB02E7F82775}.Final|Mixed Platforms.ActiveCfg = Release|Win32
		{95845731-DA7C-4DE3-A503-AB02E7F82775}.Final|Mixed Platforms.Build.0 = Release|Win32
		{95845731-DA7C-4DE3-A503-AB02E7F82775}.Final|Win32.ActiveCfg = Release|Win32
		{95845731-DA7C-4DE3-A503-AB02E7F82775}.Final|Win32.Build.0 = Release|Win32
		{95845731-DA7C-4DE3-A503-AB02E7F82775}.Final|x86.ActiveCfg = Release|Win32
		{95845731-DA7C-4DE3-A503-AB02E7F82775}.Release|Any CPU.ActiveCfg = Release|Win32
		{95845731-DA7C-4DE3-A503-AB02E7F82775}.Release|Mixed Platforms.ActiveCfg = Release|Win32
		{95845731-DA7C-4DE3-A503-AB02E7F82775}.Release|Mixed Platforms.Build.0 = Release|Win32
		{95845731-DA7C-4DE3-A503-AB02E7F82775}.Release|Win32.ActiveCfg = Release|Win32
		{95845731-DA7C-4DE3-A503-AB02E7F82775}.Release|Win32.Build.0 = Release|Win32
		{95845731-DA7C-4DE3-A503-AB02E7F82775}.Release|x86.ActiveCfg = Release|Win32
		{813F7A7F-05E7-4FAE-8ABB-01739BE0079D}.Debug|Any CPU.ActiveCfg = Debug|Win32
		{813F7A7F-05E7-4FAE-8ABB-01739BE0079D}.Debug|Mixed Platforms.ActiveCfg = Debug|Win32
		{813F7A7F-05E7-4FAE-8ABB-01739BE0079D}.Debug|Mixed Platforms.Build.0 = Debug|Win32
		{813F7A7F-05E7-4FAE-8ABB-01739BE0079D}.Debug|Win32.ActiveCfg = Debug|Win32
		{813F7A7F-05E7-4FAE-8ABB-01739BE0079D}.Debug|Win32.Build.0 = Debug|Win32
		{813F7A7F-05E7-4FAE-8ABB-01739BE0079D}.Debug|x86.ActiveCfg = Debug|Win32
		{813F7A7F-05E7-4FAE-8ABB-01739BE0079D}.Final|Any CPU.ActiveCfg = Release|Win32
		{813F7A7F-05E7-4FAE-8ABB-01739BE0079D}.Final|Mixed Platforms.ActiveCfg = Release|Win32
		{813F7A7F-05E7-4FAE-8ABB-01739BE0079D}.Final|Mixed Platforms.Build.0 = Release|Win32
		{813F7A7F-05E7-4FAE-8ABB-01739BE0079D}.Final|Win32.ActiveCfg = Release|Win32
		{813F7A7F-05E7-4FAE-8ABB-01739BE0079D}.Final|Win32.Build.0 = Release|Win32
		{813F7A7F-05E7-4FAE-8ABB-01739BE0079D}.Final|x86.ActiveCfg = Release|Win32
		{813F7A7F-05E7-4FAE-8ABB-01739BE0079D}.Release|Any CPU.ActiveCfg = Release|Win32
		{813F7A7F-05E7-4FAE-8ABB-01739BE0079D}.Release|Mixed Platforms.ActiveCfg = Release|Win32
		{813F7A7F-05E7-4FAE-8ABB-01739BE0079D}.Release|Mixed Platforms.Build.0 = Release|Win32
		{813F7A7F-05E7-4FAE-8ABB-01739BE0079D}.Release|Win32.ActiveCfg = Release|Win32
		{813F7A7F-05E7-4FAE-8ABB-01739BE0079D}.Release|Win32.Build.0 = Release|Win32
		{813F7A7F-05E7-4FAE-8ABB-01739BE0079D}.Release|x86.ActiveCfg = Release|Win32
		{6B3C3EF7-07DA-4BD5-AA50-360ECB395E0D}.Debug|Any CPU.ActiveCfg = Debug|Win32
		{6B3C3EF7-07DA-4BD5-AA50-360ECB395E0D}.Debug|Mixed Platforms.ActiveCfg = Debug|Win32
		{6B3C3EF7-07DA-4BD5-AA50-360ECB395E0D}.Debug|Mixed Platforms.Build.0 = Debug|Win32
		{6B3C3EF7-07DA-4BD5-AA50-360ECB395E0D}.Debug|Win32.ActiveCfg = Debug|Win32
		{6B3C3EF7-07DA-4BD5-AA50-360ECB395E0D}.Debug|Win32.Build.0 = Debug|Win32
		{6B3C3EF7-07DA-4BD5-AA50-360ECB395E0D}.Debug|x86.ActiveCfg = Debug|Win32
		{6B3C3EF7-07DA-4BD5-AA50-360ECB395E0D}.Final|Any CPU.ActiveCfg = Final|Win32
		{6B3C3EF7-07DA-4BD5-AA50-360ECB395E0D}.Final|Mixed Platforms.ActiveCfg = Final|Win32
		{6B3C3EF7-07DA-4BD5-AA50-360ECB395E0D}.Final|Mixed Platforms.Build.0 = Final|Win32
		{6B3C3EF7-07DA-4BD5-AA50-360ECB395E0D}.Final|Win32.ActiveCfg = Final|Win32
		{6B3C3EF7-07DA-4BD5-AA50-360ECB395E0D}.Final|Win32.Build.0 = Final|Win32
		{6B3C3EF7-07DA-4BD5-AA50-360ECB395E0D}.Final|x86.ActiveCfg = Final|Win32
		{6B3C3EF7-07DA-4BD5-AA50-360ECB395E0D}.Release|Any CPU.ActiveCfg = Release|Win32
		{6B3C3EF7-07DA-4BD5-AA50-360ECB395E0D}.Release|Mixed Platforms.ActiveCfg = Release|Win32
		{6B3C3EF7-07DA-4BD5-AA50-360ECB395E0D}.Release|Mixed Platforms.Build.0 = Release|Win32
		{6B3C3EF7-07DA-4BD5-AA50-360ECB395E0D}.Release|Win32.ActiveCfg = Release|Win32
		{6B3C3EF7-07DA-4BD5-AA50-360ECB395E0D}.Release|Win32.Build.0 = Release|Win32
		{6B3C3EF7-07DA-4BD5-AA50-360ECB395E0D}.Release|x86.ActiveCfg = Release|Win32
		{C75532C4-765B-418E-B09B-46D36B2ABDB1}.Debug|Any CPU.ActiveCfg = Debug|Any CPU
		{C75532C4-765B-418E-B09B-46D36B2ABDB1}.Debug|Any CPU.Build.0 = Debug|Any CPU
		{C75532C4-765B-418E-B09B-46D36B2ABDB1}.Debug|Mixed Platforms.ActiveCfg = Debug|Any CPU
		{C75532C4-765B-418E-B09B-46D36B2ABDB1}.Debug|Mixed Platforms.Build.0 = Debug|Any CPU
		{C75532C4-765B-418E-B09B-46D36B2ABDB1}.Debug|Win32.ActiveCfg = Debug|Any CPU
		{C75532C4-765B-418E-B09B-46D36B2ABDB1}.Debug|x86.ActiveCfg = Debug|x86
		{C75532C4-765B-418E-B09B-46D36B2ABDB1}.Debug|x86.Build.0 = Debug|x86
		{C75532C4-765B-418E-B09B-46D36B2ABDB1}.Final|Any CPU.ActiveCfg = Release|Any CPU
		{C75532C4-765B-418E-B09B-46D36B2ABDB1}.Final|Any CPU.Build.0 = Release|Any CPU
		{C75532C4-765B-418E-B09B-46D36B2ABDB1}.Final|Mixed Platforms.ActiveCfg = Release|Any CPU
		{C75532C4-765B-418E-B09B-46D36B2ABDB1}.Final|Mixed Platforms.Build.0 = Release|Any CPU
		{C75532C4-765B-418E-B09B-46D36B2ABDB1}.Final|Win32.ActiveCfg = Release|Any CPU
		{C75532C4-765B-418E-B09B-46D36B2ABDB1}.Final|x86.ActiveCfg = Release|x86
		{C75532C4-765B-418E-B09B-46D36B2ABDB1}.Final|x86.Build.0 = Release|x86
		{C75532C4-765B-418E-B09B-46D36B2ABDB1}.Release|Any CPU.ActiveCfg = Release|Any CPU
		{C75532C4-765B-418E-B09B-46D36B2ABDB1}.Release|Any CPU.Build.0 = Release|Any CPU
		{C75532C4-765B-418E-B09B-46D36B2ABDB1}.Release|Mixed Platforms.ActiveCfg = Release|Any CPU
		{C75532C4-765B-418E-B09B-46D36B2ABDB1}.Release|Mixed Platforms.Build.0 = Release|Any CPU
		{C75532C4-765B-418E-B09B-46D36B2ABDB1}.Release|Win32.ActiveCfg = Release|x86
		{C75532C4-765B-418E-B09B-46D36B2ABDB1}.Release|Win32.Build.0 = Release|x86
		{C75532C4-765B-418E-B09B-46D36B2ABDB1}.Release|x86.ActiveCfg = Release|x86
		{C75532C4-765B-418E-B09B-46D36B2ABDB1}.Release|x86.Build.0 = Release|x86
	EndGlobalSection
	GlobalSection(SolutionProperties) = preSolution
		HideSolutionNode = FALSE
	EndGlobalSection
	GlobalSection(NestedProjects) = preSolution
		{E71FCEF8-54A6-448E-8E5D-4E8BCC2CEE19} = {DC0ACC33-9C90-43F8-B7C9-2CF3015D5E78}
		{BDE2E981-8DC7-4D99-9637-5E45E77D07A8} = {DC0ACC33-9C90-43F8-B7C9-2CF3015D5E78}
		{A5625871-85B7-4589-B4C5-B94B9AF9FC90} = {DC0ACC33-9C90-43F8-B7C9-2CF3015D5E78}
		{2D46BF95-D17F-4B85-95DA-71F41935D284} = {E71FCEF8-54A6-448E-8E5D-4E8BCC2CEE19}
		{F4704AEE-3F33-4AB0-A72C-4875B4F8746A} = {E71FCEF8-54A6-448E-8E5D-4E8BCC2CEE19}
		{B13026E1-DDF6-42F7-9F74-53E92337184C} = {E71FCEF8-54A6-448E-8E5D-4E8BCC2CEE19}
		{0C5E741D-91CC-4E79-A5EF-4F296212E77C} = {BDE2E981-8DC7-4D99-9637-5E45E77D07A8}
		{72E04A5F-F949-4DCD-A147-EE844589D3E6} = {BDE2E981-8DC7-4D99-9637-5E45E77D07A8}
		{FD2A5510-7D88-4A92-895D-53FD3E30A6D9} = {BDE2E981-8DC7-4D99-9637-5E45E77D07A8}
		{EE1842E2-BC1C-4428-BC26-45F974D34F5D} = {BDE2E981-8DC7-4D99-9637-5E45E77D07A8}
		{C3C545E3-7CC2-443B-8630-60C743B78D40} = {BDE2E981-8DC7-4D99-9637-5E45E77D07A8}
		{21C5F776-73E3-4402-8341-4D49C53DF874} = {BDE2E981-8DC7-4D99-9637-5E45E77D07A8}
		{8FDACDCA-59B6-4AE9-B024-4BEDAABB1C96} = {BDE2E981-8DC7-4D99-9637-5E45E77D07A8}
		{69434B3B-BAF1-4BF6-AD0B-8A400FD370CC} = {BDE2E981-8DC7-4D99-9637-5E45E77D07A8}
		{E7B867AD-B8C7-4BCD-B149-126DBE850403} = {BDE2E981-8DC7-4D99-9637-5E45E77D07A8}
		{33202FD2-AF38-428F-A6CD-AD359AC82F0D} = {BDE2E981-8DC7-4D99-9637-5E45E77D07A8}
		{2CCD73E3-1B11-4252-BF33-FDF518CCD1B6} = {BDE2E981-8DC7-4D99-9637-5E45E77D07A8}
		{9A4527CA-B62A-48B3-B410-9EEC9E73A637} = {BDE2E981-8DC7-4D99-9637-5E45E77D07A8}
		{E658F23F-9DEB-454A-955F-C0E5A4976854} = {BDE2E981-8DC7-4D99-9637-5E45E77D07A8}
		{1D031867-3CFB-4160-AF51-F3E84ECB2576} = {BDE2E981-8DC7-4D99-9637-5E45E77D07A8}
		{967706E8-422D-47C9-B623-D3AFC6C14FB1} = {BDE2E981-8DC7-4D99-9637-5E45E77D07A8}
		{7429876C-1C68-411E-8DB7-6C88F49F9104} = {BDE2E981-8DC7-4D99-9637-5E45E77D07A8}
		{AB47D26B-3ABD-4287-9361-D625DFFEC428} = {A5625871-85B7-4589-B4C5-B94B9AF9FC90}
		{A6C8AE78-D043-4117-9F28-B9765985E05F} = {A5625871-85B7-4589-B4C5-B94B9AF9FC90}
		{20F1FB1E-EB56-4682-9459-C89F59714DA9} = {A5625871-85B7-4589-B4C5-B94B9AF9FC90}
		{52E8E0D8-3AB7-4E17-930F-583A9CBBEB04} = {A5625871-85B7-4589-B4C5-B94B9AF9FC90}
		{BD8D9CB9-AA10-4724-8B1B-7133C1D502C4} = {A5625871-85B7-4589-B4C5-B94B9AF9FC90}
		{24612167-6761-4E10-8162-CCF8E0C97C09} = {A5625871-85B7-4589-B4C5-B94B9AF9FC90}
		{755B72DB-7BB6-4311-92EE-449860F51288} = {A5625871-85B7-4589-B4C5-B94B9AF9FC90}
		{75782867-23A3-469D-B713-4C9D2A02897E} = {A5625871-85B7-4589-B4C5-B94B9AF9FC90}
		{03101E98-7366-42B4-82EE-3EAD2925A7D5} = {A5625871-85B7-4589-B4C5-B94B9AF9FC90}
		{652E0312-1A0C-4615-A05A-FB5AC4881F2C} = {A5625871-85B7-4589-B4C5-B94B9AF9FC90}
		{EBE52D41-5D03-4976-816D-61117672F4B5} = {A5625871-85B7-4589-B4C5-B94B9AF9FC90}
		{95845731-DA7C-4DE3-A503-AB02E7F82775} = {CADCC29F-2627-4684-8350-EF0E8984113B}
		{813F7A7F-05E7-4FAE-8ABB-01739BE0079D} = {CADCC29F-2627-4684-8350-EF0E8984113B}
		{C75532C4-765B-418E-B09B-46D36B2ABDB1} = {CADCC29F-2627-4684-8350-EF0E8984113B}
	EndGlobalSection
EndGlobal
